// !$*UTF8*$!
{
	archiveVersion = 1;
	classes = {
	};
	objectVersion = 46;
	objects = {

/* Begin PBXBuildFile section */
		1708D0161E54AAB200998C9A /* UIColor.swift in Sources */ = {isa = PBXBuildFile; fileRef = 1708D0151E54AAB200998C9A /* UIColor.swift */; };
		1708D0181E54D13B00998C9A /* GroveManager.swift in Sources */ = {isa = PBXBuildFile; fileRef = 1708D0171E54D13B00998C9A /* GroveManager.swift */; };
		1715EE7E1E60944F005C2FCA /* AirTableViewController.swift in Sources */ = {isa = PBXBuildFile; fileRef = 1715EE7D1E60944F005C2FCA /* AirTableViewController.swift */; };
		1715EE821E60C790005C2FCA /* FanControls.swift in Sources */ = {isa = PBXBuildFile; fileRef = 1715EE811E60C790005C2FCA /* FanControls.swift */; };
		17214C591E54E050003FBFF4 /* Main.storyboard in Resources */ = {isa = PBXBuildFile; fileRef = 17214C581E54E050003FBFF4 /* Main.storyboard */; };
		17214C5B1E54E184003FBFF4 /* UIStoryboard.swift in Sources */ = {isa = PBXBuildFile; fileRef = 17214C5A1E54E184003FBFF4 /* UIStoryboard.swift */; };
		17214C5D1E54F580003FBFF4 /* Keychain.swift in Sources */ = {isa = PBXBuildFile; fileRef = 17214C5C1E54F580003FBFF4 /* Keychain.swift */; };
		17214C611E550545003FBFF4 /* Grove.swift in Sources */ = {isa = PBXBuildFile; fileRef = 17214C601E550545003FBFF4 /* Grove.swift */; };
		172782761E5F717B001CC9FD /* GardenTableViewController.swift in Sources */ = {isa = PBXBuildFile; fileRef = 172782751E5F717B001CC9FD /* GardenTableViewController.swift */; };
		172782781E5F9A42001CC9FD /* UITableView.swift in Sources */ = {isa = PBXBuildFile; fileRef = 172782771E5F9A42001CC9FD /* UITableView.swift */; };
		1731E7EE1E672D14002195B2 /* LightScheduleTableViewController.swift in Sources */ = {isa = PBXBuildFile; fileRef = 1731E7ED1E672D14002195B2 /* LightScheduleTableViewController.swift */; };
		1731E7F01E6732B1002195B2 /* LightsTableViewController.swift in Sources */ = {isa = PBXBuildFile; fileRef = 1731E7EF1E6732B1002195B2 /* LightsTableViewController.swift */; };
		1739EDF51E64A6730086C5FD /* LightInterruptionsTableViewController.swift in Sources */ = {isa = PBXBuildFile; fileRef = 1739EDF41E64A6730086C5FD /* LightInterruptionsTableViewController.swift */; };
		1739EDF71E64AB820086C5FD /* LightControls.swift in Sources */ = {isa = PBXBuildFile; fileRef = 1739EDF61E64AB820086C5FD /* LightControls.swift */; };
		1739EDF91E64D2480086C5FD /* FanIntensityTableViewController.swift in Sources */ = {isa = PBXBuildFile; fileRef = 1739EDF81E64D2480086C5FD /* FanIntensityTableViewController.swift */; };
		173DD2DF1E521AF300888F33 /* AppDelegate.swift in Sources */ = {isa = PBXBuildFile; fileRef = 173DD2DE1E521AF300888F33 /* AppDelegate.swift */; };
		173DD2E11E521AF300888F33 /* LoginViewController.swift in Sources */ = {isa = PBXBuildFile; fileRef = 173DD2E01E521AF300888F33 /* LoginViewController.swift */; };
		173DD2E41E521AF300888F33 /* Login.storyboard in Resources */ = {isa = PBXBuildFile; fileRef = 173DD2E21E521AF300888F33 /* Login.storyboard */; };
		173DD2E61E521AF300888F33 /* Assets.xcassets in Resources */ = {isa = PBXBuildFile; fileRef = 173DD2E51E521AF300888F33 /* Assets.xcassets */; };
		173DD2E91E521AF300888F33 /* LaunchScreen.storyboard in Resources */ = {isa = PBXBuildFile; fileRef = 173DD2E71E521AF300888F33 /* LaunchScreen.storyboard */; };
		173DD3061E5247AF00888F33 /* Secrets.swift in Sources */ = {isa = PBXBuildFile; fileRef = 173DD3051E5247AF00888F33 /* Secrets.swift */; };
		1764F2A81E6E04810061C0C4 /* SystemInfoTableViewController.swift in Sources */ = {isa = PBXBuildFile; fileRef = 1764F2A71E6E04810061C0C4 /* SystemInfoTableViewController.swift */; };
		1793D46E1E6E1DBE00C02945 /* Cartfile in Resources */ = {isa = PBXBuildFile; fileRef = 1793D46D1E6E1DBE00C02945 /* Cartfile */; };
		1793D4721E6E1F9700C02945 /* AFNetworking.framework in Frameworks */ = {isa = PBXBuildFile; fileRef = 1793D4701E6E1F9200C02945 /* AFNetworking.framework */; };
		1793D4731E6E1F9700C02945 /* AFNetworking.framework in Embed Frameworks */ = {isa = PBXBuildFile; fileRef = 1793D4701E6E1F9200C02945 /* AFNetworking.framework */; settings = {ATTRIBUTES = (CodeSignOnCopy, RemoveHeadersOnCopy, ); }; };
		1793D4761E6E1FA500C02945 /* ParticleDeviceSetupLibrary.framework in Frameworks */ = {isa = PBXBuildFile; fileRef = 1793D4751E6E1FA500C02945 /* ParticleDeviceSetupLibrary.framework */; };
		1793D4791E6E1FB500C02945 /* ParticleSDK.framework in Frameworks */ = {isa = PBXBuildFile; fileRef = 1793D4771E6E1FAB00C02945 /* ParticleSDK.framework */; };
		1793D47A1E6E1FB500C02945 /* ParticleSDK.framework in Embed Frameworks */ = {isa = PBXBuildFile; fileRef = 1793D4771E6E1FAB00C02945 /* ParticleSDK.framework */; settings = {ATTRIBUTES = (CodeSignOnCopy, RemoveHeadersOnCopy, ); }; };
		1793D47C1E6E1FBD00C02945 /* ParticleDeviceSetupLibrary.framework in Embed Frameworks */ = {isa = PBXBuildFile; fileRef = 1793D4751E6E1FA500C02945 /* ParticleDeviceSetupLibrary.framework */; settings = {ATTRIBUTES = (CodeSignOnCopy, RemoveHeadersOnCopy, ); }; };
		179BF6BE1E5CA8E0008F702E /* Notifications.swift in Sources */ = {isa = PBXBuildFile; fileRef = 179BF6BD1E5CA8E0008F702E /* Notifications.swift */; };
		179BF6C01E5CF461008F702E /* String.swift in Sources */ = {isa = PBXBuildFile; fileRef = 179BF6BF1E5CF461008F702E /* String.swift */; };
		179BF6C21E5CF492008F702E /* Errors.swift in Sources */ = {isa = PBXBuildFile; fileRef = 179BF6C11E5CF492008F702E /* Errors.swift */; };
		179BF6C41E5CFBE9008F702E /* Sensors.swift in Sources */ = {isa = PBXBuildFile; fileRef = 179BF6C31E5CFBE9008F702E /* Sensors.swift */; };
		179BF6C71E5DEAD1008F702E /* UIViewController.swift in Sources */ = {isa = PBXBuildFile; fileRef = 179BF6C61E5DEAD1008F702E /* UIViewController.swift */; };
		179BF6C91E5E187A008F702E /* Light.swift in Sources */ = {isa = PBXBuildFile; fileRef = 179BF6C81E5E187A008F702E /* Light.swift */; };
		179BF6CB1E5E1EDE008F702E /* Pump.swift in Sources */ = {isa = PBXBuildFile; fileRef = 179BF6CA1E5E1EDE008F702E /* Pump.swift */; };
		179BF6D01E5E2C1F008F702E /* Fan.swift in Sources */ = {isa = PBXBuildFile; fileRef = 179BF6CF1E5E2C1F008F702E /* Fan.swift */; };
		17CE0D091E65CDAE00F40131 /* Int.swift in Sources */ = {isa = PBXBuildFile; fileRef = 17CE0D081E65CDAE00F40131 /* Int.swift */; };
		17CE0D0B1E65D14D00F40131 /* PumpControls.swift in Sources */ = {isa = PBXBuildFile; fileRef = 17CE0D0A1E65D14D00F40131 /* PumpControls.swift */; };
		17CE0D0D1E65D23F00F40131 /* PumpScheduleTableViewController.swift in Sources */ = {isa = PBXBuildFile; fileRef = 17CE0D0C1E65D23F00F40131 /* PumpScheduleTableViewController.swift */; };
		17CE0D111E65D64B00F40131 /* PumpInterruptionsTableViewController.swift in Sources */ = {isa = PBXBuildFile; fileRef = 17CE0D101E65D64B00F40131 /* PumpInterruptionsTableViewController.swift */; };
		17CE0D131E65DE0500F40131 /* WaterTableViewController.swift in Sources */ = {isa = PBXBuildFile; fileRef = 17CE0D121E65DE0500F40131 /* WaterTableViewController.swift */; };
		17CE0D151E6602E200F40131 /* HeaterTargetTempTableViewController.swift in Sources */ = {isa = PBXBuildFile; fileRef = 17CE0D141E6602E200F40131 /* HeaterTargetTempTableViewController.swift */; };
		17D0417F1E68E0FD0090B82B /* TimeInterval.swift in Sources */ = {isa = PBXBuildFile; fileRef = 17D0417E1E68E0FD0090B82B /* TimeInterval.swift */; };
/* End PBXBuildFile section */

/* Begin PBXCopyFilesBuildPhase section */
		1793D4741E6E1F9700C02945 /* Embed Frameworks */ = {
			isa = PBXCopyFilesBuildPhase;
			buildActionMask = 2147483647;
			dstPath = "";
			dstSubfolderSpec = 10;
			files = (
				1793D47C1E6E1FBD00C02945 /* ParticleDeviceSetupLibrary.framework in Embed Frameworks */,
				1793D4731E6E1F9700C02945 /* AFNetworking.framework in Embed Frameworks */,
				1793D47A1E6E1FB500C02945 /* ParticleSDK.framework in Embed Frameworks */,
			);
			name = "Embed Frameworks";
			runOnlyForDeploymentPostprocessing = 0;
		};
/* End PBXCopyFilesBuildPhase section */

/* Begin PBXFileReference section */
		1708D0151E54AAB200998C9A /* UIColor.swift */ = {isa = PBXFileReference; fileEncoding = 4; lastKnownFileType = sourcecode.swift; path = UIColor.swift; sourceTree = "<group>"; };
		1708D0171E54D13B00998C9A /* GroveManager.swift */ = {isa = PBXFileReference; fileEncoding = 4; lastKnownFileType = sourcecode.swift; name = GroveManager.swift; path = Models/GroveManager.swift; sourceTree = "<group>"; };
		17103C1C1E538841003D56B4 /* GroveGardenController-Bridging-Header.h */ = {isa = PBXFileReference; lastKnownFileType = sourcecode.c.h; path = "GroveGardenController-Bridging-Header.h"; sourceTree = "<group>"; };
		1715EE7D1E60944F005C2FCA /* AirTableViewController.swift */ = {isa = PBXFileReference; fileEncoding = 4; lastKnownFileType = sourcecode.swift; name = AirTableViewController.swift; path = Views/AirTableViewController.swift; sourceTree = "<group>"; };
		1715EE811E60C790005C2FCA /* FanControls.swift */ = {isa = PBXFileReference; fileEncoding = 4; lastKnownFileType = sourcecode.swift; name = FanControls.swift; path = Models/Grove/FanControls.swift; sourceTree = "<group>"; };
		17214C581E54E050003FBFF4 /* Main.storyboard */ = {isa = PBXFileReference; fileEncoding = 4; lastKnownFileType = file.storyboard; name = Main.storyboard; path = Views/Main.storyboard; sourceTree = "<group>"; };
		17214C5A1E54E184003FBFF4 /* UIStoryboard.swift */ = {isa = PBXFileReference; fileEncoding = 4; lastKnownFileType = sourcecode.swift; path = UIStoryboard.swift; sourceTree = "<group>"; };
		17214C5C1E54F580003FBFF4 /* Keychain.swift */ = {isa = PBXFileReference; fileEncoding = 4; lastKnownFileType = sourcecode.swift; path = Keychain.swift; sourceTree = "<group>"; };
		17214C601E550545003FBFF4 /* Grove.swift */ = {isa = PBXFileReference; fileEncoding = 4; lastKnownFileType = sourcecode.swift; name = Grove.swift; path = Models/Grove.swift; sourceTree = "<group>"; };
		172782751E5F717B001CC9FD /* GardenTableViewController.swift */ = {isa = PBXFileReference; fileEncoding = 4; lastKnownFileType = sourcecode.swift; name = GardenTableViewController.swift; path = Views/GardenTableViewController.swift; sourceTree = "<group>"; };
		172782771E5F9A42001CC9FD /* UITableView.swift */ = {isa = PBXFileReference; fileEncoding = 4; lastKnownFileType = sourcecode.swift; path = UITableView.swift; sourceTree = "<group>"; };
		1731E7ED1E672D14002195B2 /* LightScheduleTableViewController.swift */ = {isa = PBXFileReference; fileEncoding = 4; lastKnownFileType = sourcecode.swift; name = LightScheduleTableViewController.swift; path = Views/LightScheduleTableViewController.swift; sourceTree = "<group>"; };
		1731E7EF1E6732B1002195B2 /* LightsTableViewController.swift */ = {isa = PBXFileReference; fileEncoding = 4; lastKnownFileType = sourcecode.swift; name = LightsTableViewController.swift; path = Views/LightsTableViewController.swift; sourceTree = "<group>"; };
		1739EDF41E64A6730086C5FD /* LightInterruptionsTableViewController.swift */ = {isa = PBXFileReference; fileEncoding = 4; lastKnownFileType = sourcecode.swift; name = LightInterruptionsTableViewController.swift; path = Views/LightInterruptionsTableViewController.swift; sourceTree = "<group>"; };
		1739EDF61E64AB820086C5FD /* LightControls.swift */ = {isa = PBXFileReference; fileEncoding = 4; lastKnownFileType = sourcecode.swift; name = LightControls.swift; path = Models/Grove/LightControls.swift; sourceTree = "<group>"; };
		1739EDF81E64D2480086C5FD /* FanIntensityTableViewController.swift */ = {isa = PBXFileReference; fileEncoding = 4; lastKnownFileType = sourcecode.swift; name = FanIntensityTableViewController.swift; path = Views/FanIntensityTableViewController.swift; sourceTree = "<group>"; };
		173DD2DB1E521AF300888F33 /* GroveGardenController.app */ = {isa = PBXFileReference; explicitFileType = wrapper.application; includeInIndex = 0; path = GroveGardenController.app; sourceTree = BUILT_PRODUCTS_DIR; };
		173DD2DE1E521AF300888F33 /* AppDelegate.swift */ = {isa = PBXFileReference; lastKnownFileType = sourcecode.swift; path = AppDelegate.swift; sourceTree = "<group>"; };
		173DD2E01E521AF300888F33 /* LoginViewController.swift */ = {isa = PBXFileReference; lastKnownFileType = sourcecode.swift; name = LoginViewController.swift; path = Views/LoginViewController.swift; sourceTree = "<group>"; };
		173DD2E31E521AF300888F33 /* Base */ = {isa = PBXFileReference; lastKnownFileType = file.storyboard; name = Base; path = Views/Login.storyboard; sourceTree = "<group>"; };
		173DD2E51E521AF300888F33 /* Assets.xcassets */ = {isa = PBXFileReference; lastKnownFileType = folder.assetcatalog; path = Assets.xcassets; sourceTree = "<group>"; };
		173DD2E81E521AF300888F33 /* Base */ = {isa = PBXFileReference; lastKnownFileType = file.storyboard; name = Base; path = Views/LaunchScreen.storyboard; sourceTree = "<group>"; };
		173DD2EA1E521AF300888F33 /* Info.plist */ = {isa = PBXFileReference; lastKnownFileType = text.plist.xml; path = Info.plist; sourceTree = "<group>"; };
		173DD3051E5247AF00888F33 /* Secrets.swift */ = {isa = PBXFileReference; fileEncoding = 4; lastKnownFileType = sourcecode.swift; path = Secrets.swift; sourceTree = "<group>"; };
		1764F2A71E6E04810061C0C4 /* SystemInfoTableViewController.swift */ = {isa = PBXFileReference; fileEncoding = 4; lastKnownFileType = sourcecode.swift; name = SystemInfoTableViewController.swift; path = Views/SystemInfoTableViewController.swift; sourceTree = "<group>"; };
		1793D46D1E6E1DBE00C02945 /* Cartfile */ = {isa = PBXFileReference; fileEncoding = 4; lastKnownFileType = text; path = Cartfile; sourceTree = "<group>"; };
		1793D4701E6E1F9200C02945 /* AFNetworking.framework */ = {isa = PBXFileReference; lastKnownFileType = wrapper.framework; name = AFNetworking.framework; path = Carthage/Build/iOS/AFNetworking.framework; sourceTree = "<group>"; };
		1793D4751E6E1FA500C02945 /* ParticleDeviceSetupLibrary.framework */ = {isa = PBXFileReference; lastKnownFileType = wrapper.framework; name = ParticleDeviceSetupLibrary.framework; path = Carthage/Build/iOS/ParticleDeviceSetupLibrary.framework; sourceTree = "<group>"; };
		1793D4771E6E1FAB00C02945 /* ParticleSDK.framework */ = {isa = PBXFileReference; lastKnownFileType = wrapper.framework; name = ParticleSDK.framework; path = Carthage/Build/iOS/ParticleSDK.framework; sourceTree = "<group>"; };
		179BF6BD1E5CA8E0008F702E /* Notifications.swift */ = {isa = PBXFileReference; fileEncoding = 4; lastKnownFileType = sourcecode.swift; path = Notifications.swift; sourceTree = "<group>"; };
		179BF6BF1E5CF461008F702E /* String.swift */ = {isa = PBXFileReference; fileEncoding = 4; lastKnownFileType = sourcecode.swift; path = String.swift; sourceTree = "<group>"; };
		179BF6C11E5CF492008F702E /* Errors.swift */ = {isa = PBXFileReference; fileEncoding = 4; lastKnownFileType = sourcecode.swift; path = Errors.swift; sourceTree = "<group>"; };
		179BF6C31E5CFBE9008F702E /* Sensors.swift */ = {isa = PBXFileReference; fileEncoding = 4; lastKnownFileType = sourcecode.swift; name = Sensors.swift; path = Models/Sensors.swift; sourceTree = "<group>"; };
		179BF6C61E5DEAD1008F702E /* UIViewController.swift */ = {isa = PBXFileReference; fileEncoding = 4; lastKnownFileType = sourcecode.swift; path = UIViewController.swift; sourceTree = "<group>"; };
		179BF6C81E5E187A008F702E /* Light.swift */ = {isa = PBXFileReference; fileEncoding = 4; lastKnownFileType = sourcecode.swift; name = Light.swift; path = Models/Light.swift; sourceTree = "<group>"; };
		179BF6CA1E5E1EDE008F702E /* Pump.swift */ = {isa = PBXFileReference; fileEncoding = 4; lastKnownFileType = sourcecode.swift; name = Pump.swift; path = Models/Pump.swift; sourceTree = "<group>"; };
		179BF6CF1E5E2C1F008F702E /* Fan.swift */ = {isa = PBXFileReference; fileEncoding = 4; lastKnownFileType = sourcecode.swift; name = Fan.swift; path = Models/Fan.swift; sourceTree = "<group>"; };
		17CDD8B11E6DF1A700A98A59 /* README.md */ = {isa = PBXFileReference; fileEncoding = 4; lastKnownFileType = net.daringfireball.markdown; path = README.md; sourceTree = "<group>"; };
		17CE0D081E65CDAE00F40131 /* Int.swift */ = {isa = PBXFileReference; fileEncoding = 4; lastKnownFileType = sourcecode.swift; path = Int.swift; sourceTree = "<group>"; };
		17CE0D0A1E65D14D00F40131 /* PumpControls.swift */ = {isa = PBXFileReference; fileEncoding = 4; lastKnownFileType = sourcecode.swift; name = PumpControls.swift; path = Models/Grove/PumpControls.swift; sourceTree = "<group>"; };
		17CE0D0C1E65D23F00F40131 /* PumpScheduleTableViewController.swift */ = {isa = PBXFileReference; fileEncoding = 4; lastKnownFileType = sourcecode.swift; name = PumpScheduleTableViewController.swift; path = Views/PumpScheduleTableViewController.swift; sourceTree = "<group>"; };
		17CE0D101E65D64B00F40131 /* PumpInterruptionsTableViewController.swift */ = {isa = PBXFileReference; fileEncoding = 4; lastKnownFileType = sourcecode.swift; name = PumpInterruptionsTableViewController.swift; path = Views/PumpInterruptionsTableViewController.swift; sourceTree = "<group>"; };
		17CE0D121E65DE0500F40131 /* WaterTableViewController.swift */ = {isa = PBXFileReference; fileEncoding = 4; lastKnownFileType = sourcecode.swift; name = WaterTableViewController.swift; path = Views/WaterTableViewController.swift; sourceTree = "<group>"; };
		17CE0D141E6602E200F40131 /* HeaterTargetTempTableViewController.swift */ = {isa = PBXFileReference; fileEncoding = 4; lastKnownFileType = sourcecode.swift; name = HeaterTargetTempTableViewController.swift; path = Views/HeaterTargetTempTableViewController.swift; sourceTree = "<group>"; };
		17D0417E1E68E0FD0090B82B /* TimeInterval.swift */ = {isa = PBXFileReference; fileEncoding = 4; lastKnownFileType = sourcecode.swift; path = TimeInterval.swift; sourceTree = "<group>"; };
/* End PBXFileReference section */

/* Begin PBXFrameworksBuildPhase section */
		173DD2D81E521AF300888F33 /* Frameworks */ = {
			isa = PBXFrameworksBuildPhase;
			buildActionMask = 2147483647;
			files = (
				1793D4761E6E1FA500C02945 /* ParticleDeviceSetupLibrary.framework in Frameworks */,
				1793D4721E6E1F9700C02945 /* AFNetworking.framework in Frameworks */,
				1793D4791E6E1FB500C02945 /* ParticleSDK.framework in Frameworks */,
			);
			runOnlyForDeploymentPostprocessing = 0;
		};
/* End PBXFrameworksBuildPhase section */

/* Begin PBXGroup section */
		1708D0141E54AA8F00998C9A /* Utilities */ = {
			isa = PBXGroup;
			children = (
				179BF6C11E5CF492008F702E /* Errors.swift */,
				17CE0D081E65CDAE00F40131 /* Int.swift */,
				17D0417E1E68E0FD0090B82B /* TimeInterval.swift */,
				17214C5C1E54F580003FBFF4 /* Keychain.swift */,
				179BF6BD1E5CA8E0008F702E /* Notifications.swift */,
				179BF6BF1E5CF461008F702E /* String.swift */,
				1708D0151E54AAB200998C9A /* UIColor.swift */,
				17214C5A1E54E184003FBFF4 /* UIStoryboard.swift */,
				172782771E5F9A42001CC9FD /* UITableView.swift */,
				179BF6C61E5DEAD1008F702E /* UIViewController.swift */,
			);
			path = Utilities;
			sourceTree = "<group>";
		};
		17214C5E1E55045F003FBFF4 /* Views */ = {
			isa = PBXGroup;
			children = (
				1715EE7D1E60944F005C2FCA /* AirTableViewController.swift */,
				1739EDF81E64D2480086C5FD /* FanIntensityTableViewController.swift */,
				172782751E5F717B001CC9FD /* GardenTableViewController.swift */,
				17CE0D141E6602E200F40131 /* HeaterTargetTempTableViewController.swift */,
				173DD2E71E521AF300888F33 /* LaunchScreen.storyboard */,
				1739EDF41E64A6730086C5FD /* LightInterruptionsTableViewController.swift */,
				1731E7ED1E672D14002195B2 /* LightScheduleTableViewController.swift */,
				1731E7EF1E6732B1002195B2 /* LightsTableViewController.swift */,
				173DD2E21E521AF300888F33 /* Login.storyboard */,
				173DD2E01E521AF300888F33 /* LoginViewController.swift */,
				17214C581E54E050003FBFF4 /* Main.storyboard */,
				17CE0D101E65D64B00F40131 /* PumpInterruptionsTableViewController.swift */,
				17CE0D0C1E65D23F00F40131 /* PumpScheduleTableViewController.swift */,
				1764F2A71E6E04810061C0C4 /* SystemInfoTableViewController.swift */,
				17CE0D121E65DE0500F40131 /* WaterTableViewController.swift */,
			);
			name = Views;
			sourceTree = "<group>";
		};
		17214C5F1E55052D003FBFF4 /* Models */ = {
			isa = PBXGroup;
			children = (
				17214C601E550545003FBFF4 /* Grove.swift */,
				179BF6CC1E5E2B5B008F702E /* Grove */,
				1708D0171E54D13B00998C9A /* GroveManager.swift */,
				179BF6C81E5E187A008F702E /* Light.swift */,
				179BF6CF1E5E2C1F008F702E /* Fan.swift */,
				179BF6CA1E5E1EDE008F702E /* Pump.swift */,
				179BF6C31E5CFBE9008F702E /* Sensors.swift */,
			);
			name = Models;
			sourceTree = "<group>";
		};
		173DD2D21E521AF300888F33 = {
			isa = PBXGroup;
			children = (
				1793D46F1E6E1F8000C02945 /* Frameworks */,
				17CDD8B11E6DF1A700A98A59 /* README.md */,
				173DD2DD1E521AF300888F33 /* GroveGardenController */,
				173DD2DC1E521AF300888F33 /* Products */,
			);
			sourceTree = "<group>";
		};
		173DD2DC1E521AF300888F33 /* Products */ = {
			isa = PBXGroup;
			children = (
				173DD2DB1E521AF300888F33 /* GroveGardenController.app */,
			);
			name = Products;
			sourceTree = "<group>";
		};
		173DD2DD1E521AF300888F33 /* GroveGardenController */ = {
			isa = PBXGroup;
			children = (
				173DD3051E5247AF00888F33 /* Secrets.swift */,
				17103C1C1E538841003D56B4 /* GroveGardenController-Bridging-Header.h */,
				173DD2EA1E521AF300888F33 /* Info.plist */,
				173DD2DE1E521AF300888F33 /* AppDelegate.swift */,
				173DD2E51E521AF300888F33 /* Assets.xcassets */,
				17214C5F1E55052D003FBFF4 /* Models */,
				1708D0141E54AA8F00998C9A /* Utilities */,
				17214C5E1E55045F003FBFF4 /* Views */,
			);
			path = GroveGardenController;
			sourceTree = "<group>";
		};
		1793D46F1E6E1F8000C02945 /* Frameworks */ = {
			isa = PBXGroup;
			children = (
				1793D4771E6E1FAB00C02945 /* ParticleSDK.framework */,
				1793D4751E6E1FA500C02945 /* ParticleDeviceSetupLibrary.framework */,
				1793D4701E6E1F9200C02945 /* AFNetworking.framework */,
				1793D46D1E6E1DBE00C02945 /* Cartfile */,
			);
			name = Frameworks;
			sourceTree = "<group>";
		};
		179BF6CC1E5E2B5B008F702E /* Grove */ = {
			isa = PBXGroup;
			children = (
				1715EE811E60C790005C2FCA /* FanControls.swift */,
				17CE0D0A1E65D14D00F40131 /* PumpControls.swift */,
				1739EDF61E64AB820086C5FD /* LightControls.swift */,
			);
			name = Grove;
			sourceTree = "<group>";
		};
/* End PBXGroup section */

/* Begin PBXNativeTarget section */
		173DD2DA1E521AF300888F33 /* GroveGardenController */ = {
			isa = PBXNativeTarget;
			buildConfigurationList = 173DD2ED1E521AF300888F33 /* Build configuration list for PBXNativeTarget "GroveGardenController" */;
			buildPhases = (
				173DD2D71E521AF300888F33 /* Sources */,
				173DD2D81E521AF300888F33 /* Frameworks */,
				173DD2D91E521AF300888F33 /* Resources */,
				1793D47D1E6E211E00C02945 /* Carthage */,
				1793D4741E6E1F9700C02945 /* Embed Frameworks */,
			);
			buildRules = (
			);
			dependencies = (
			);
			name = GroveGardenController;
			productName = GroveGardenController;
			productReference = 173DD2DB1E521AF300888F33 /* GroveGardenController.app */;
			productType = "com.apple.product-type.application";
		};
/* End PBXNativeTarget section */

/* Begin PBXProject section */
		173DD2D31E521AF300888F33 /* Project object */ = {
			isa = PBXProject;
			attributes = {
				LastSwiftUpdateCheck = 0820;
				LastUpgradeCheck = 0820;
				ORGANIZATIONNAME = Grove;
				TargetAttributes = {
					173DD2DA1E521AF300888F33 = {
						CreatedOnToolsVersion = 8.2.1;
						DevelopmentTeam = 8JQ4CHYB58;
						ProvisioningStyle = Automatic;
					};
				};
			};
			buildConfigurationList = 173DD2D61E521AF300888F33 /* Build configuration list for PBXProject "GroveGardenController" */;
			compatibilityVersion = "Xcode 3.2";
			developmentRegion = English;
			hasScannedForEncodings = 0;
			knownRegions = (
				en,
				Base,
			);
			mainGroup = 173DD2D21E521AF300888F33;
			productRefGroup = 173DD2DC1E521AF300888F33 /* Products */;
			projectDirPath = "";
			projectRoot = "";
			targets = (
				173DD2DA1E521AF300888F33 /* GroveGardenController */,
			);
		};
/* End PBXProject section */

/* Begin PBXResourcesBuildPhase section */
		173DD2D91E521AF300888F33 /* Resources */ = {
			isa = PBXResourcesBuildPhase;
			buildActionMask = 2147483647;
			files = (
				1793D46E1E6E1DBE00C02945 /* Cartfile in Resources */,
				17214C591E54E050003FBFF4 /* Main.storyboard in Resources */,
				173DD2E91E521AF300888F33 /* LaunchScreen.storyboard in Resources */,
				173DD2E61E521AF300888F33 /* Assets.xcassets in Resources */,
				173DD2E41E521AF300888F33 /* Login.storyboard in Resources */,
			);
			runOnlyForDeploymentPostprocessing = 0;
		};
/* End PBXResourcesBuildPhase section */

/* Begin PBXShellScriptBuildPhase section */
		1793D47D1E6E211E00C02945 /* Carthage */ = {
			isa = PBXShellScriptBuildPhase;
			buildActionMask = 2147483647;
			files = (
			);
			inputPaths = (
				"$(SRCROOT)/Carthage/Build/iOS/ParticleDeviceSetupLibrary.framework",
			);
			name = Carthage;
			outputPaths = (
			);
			runOnlyForDeploymentPostprocessing = 0;
			shellPath = /bin/sh;
			shellScript = "/usr/local/bin/carthage copy-frameworks";
		};
/* End PBXShellScriptBuildPhase section */

/* Begin PBXSourcesBuildPhase section */
		173DD2D71E521AF300888F33 /* Sources */ = {
			isa = PBXSourcesBuildPhase;
			buildActionMask = 2147483647;
			files = (
				1731E7EE1E672D14002195B2 /* LightScheduleTableViewController.swift in Sources */,
				173DD2E11E521AF300888F33 /* LoginViewController.swift in Sources */,
				1731E7F01E6732B1002195B2 /* LightsTableViewController.swift in Sources */,
				179BF6CB1E5E1EDE008F702E /* Pump.swift in Sources */,
				17CE0D111E65D64B00F40131 /* PumpInterruptionsTableViewController.swift in Sources */,
				17CE0D151E6602E200F40131 /* HeaterTargetTempTableViewController.swift in Sources */,
				179BF6D01E5E2C1F008F702E /* Fan.swift in Sources */,
				1715EE821E60C790005C2FCA /* FanControls.swift in Sources */,
				173DD3061E5247AF00888F33 /* Secrets.swift in Sources */,
				17CE0D131E65DE0500F40131 /* WaterTableViewController.swift in Sources */,
				1764F2A81E6E04810061C0C4 /* SystemInfoTableViewController.swift in Sources */,
				179BF6C21E5CF492008F702E /* Errors.swift in Sources */,
				17D0417F1E68E0FD0090B82B /* TimeInterval.swift in Sources */,
				17214C5D1E54F580003FBFF4 /* Keychain.swift in Sources */,
				173DD2DF1E521AF300888F33 /* AppDelegate.swift in Sources */,
				1739EDF91E64D2480086C5FD /* FanIntensityTableViewController.swift in Sources */,
				172782781E5F9A42001CC9FD /* UITableView.swift in Sources */,
				17CE0D0B1E65D14D00F40131 /* PumpControls.swift in Sources */,
				179BF6C71E5DEAD1008F702E /* UIViewController.swift in Sources */,
				1715EE7E1E60944F005C2FCA /* AirTableViewController.swift in Sources */,
				179BF6C91E5E187A008F702E /* Light.swift in Sources */,
				179BF6C41E5CFBE9008F702E /* Sensors.swift in Sources */,
				1708D0161E54AAB200998C9A /* UIColor.swift in Sources */,
				17214C5B1E54E184003FBFF4 /* UIStoryboard.swift in Sources */,
				17CE0D0D1E65D23F00F40131 /* PumpScheduleTableViewController.swift in Sources */,
				1739EDF71E64AB820086C5FD /* LightControls.swift in Sources */,
				1708D0181E54D13B00998C9A /* GroveManager.swift in Sources */,
				1739EDF51E64A6730086C5FD /* LightInterruptionsTableViewController.swift in Sources */,
				172782761E5F717B001CC9FD /* GardenTableViewController.swift in Sources */,
				17214C611E550545003FBFF4 /* Grove.swift in Sources */,
				179BF6BE1E5CA8E0008F702E /* Notifications.swift in Sources */,
				17CE0D091E65CDAE00F40131 /* Int.swift in Sources */,
				179BF6C01E5CF461008F702E /* String.swift in Sources */,
			);
			runOnlyForDeploymentPostprocessing = 0;
		};
/* End PBXSourcesBuildPhase section */

/* Begin PBXVariantGroup section */
		173DD2E21E521AF300888F33 /* Login.storyboard */ = {
			isa = PBXVariantGroup;
			children = (
				173DD2E31E521AF300888F33 /* Base */,
			);
			name = Login.storyboard;
			sourceTree = "<group>";
		};
		173DD2E71E521AF300888F33 /* LaunchScreen.storyboard */ = {
			isa = PBXVariantGroup;
			children = (
				173DD2E81E521AF300888F33 /* Base */,
			);
			name = LaunchScreen.storyboard;
			sourceTree = "<group>";
		};
/* End PBXVariantGroup section */

/* Begin XCBuildConfiguration section */
		173DD2EB1E521AF300888F33 /* Debug */ = {
			isa = XCBuildConfiguration;
			buildSettings = {
				ALWAYS_SEARCH_USER_PATHS = NO;
				CLANG_ANALYZER_NONNULL = YES;
				CLANG_CXX_LANGUAGE_STANDARD = "gnu++0x";
				CLANG_CXX_LIBRARY = "libc++";
				CLANG_ENABLE_MODULES = YES;
				CLANG_ENABLE_OBJC_ARC = YES;
				CLANG_WARN_BOOL_CONVERSION = YES;
				CLANG_WARN_CONSTANT_CONVERSION = YES;
				CLANG_WARN_DIRECT_OBJC_ISA_USAGE = YES_ERROR;
				CLANG_WARN_DOCUMENTATION_COMMENTS = YES;
				CLANG_WARN_EMPTY_BODY = YES;
				CLANG_WARN_ENUM_CONVERSION = YES;
				CLANG_WARN_INFINITE_RECURSION = YES;
				CLANG_WARN_INT_CONVERSION = YES;
				CLANG_WARN_OBJC_ROOT_CLASS = YES_ERROR;
				CLANG_WARN_SUSPICIOUS_MOVE = YES;
				CLANG_WARN_UNREACHABLE_CODE = YES;
				CLANG_WARN__DUPLICATE_METHOD_MATCH = YES;
				"CODE_SIGN_IDENTITY[sdk=iphoneos*]" = "iPhone Developer";
				COPY_PHASE_STRIP = NO;
				DEBUG_INFORMATION_FORMAT = dwarf;
				ENABLE_STRICT_OBJC_MSGSEND = YES;
				ENABLE_TESTABILITY = YES;
				GCC_C_LANGUAGE_STANDARD = gnu99;
				GCC_DYNAMIC_NO_PIC = NO;
				GCC_NO_COMMON_BLOCKS = YES;
				GCC_OPTIMIZATION_LEVEL = 0;
				GCC_PREPROCESSOR_DEFINITIONS = (
					"DEBUG=1",
					"$(inherited)",
				);
				GCC_WARN_64_TO_32_BIT_CONVERSION = YES;
				GCC_WARN_ABOUT_RETURN_TYPE = YES_ERROR;
				GCC_WARN_UNDECLARED_SELECTOR = YES;
				GCC_WARN_UNINITIALIZED_AUTOS = YES_AGGRESSIVE;
				GCC_WARN_UNUSED_FUNCTION = YES;
				GCC_WARN_UNUSED_VARIABLE = YES;
				IPHONEOS_DEPLOYMENT_TARGET = 9.1;
				MTL_ENABLE_DEBUG_INFO = YES;
				ONLY_ACTIVE_ARCH = YES;
				SDKROOT = iphoneos;
				SWIFT_ACTIVE_COMPILATION_CONDITIONS = DEBUG;
				SWIFT_OPTIMIZATION_LEVEL = "-Onone";
			};
			name = Debug;
		};
		173DD2EC1E521AF300888F33 /* Release */ = {
			isa = XCBuildConfiguration;
			buildSettings = {
				ALWAYS_SEARCH_USER_PATHS = NO;
				CLANG_ANALYZER_NONNULL = YES;
				CLANG_CXX_LANGUAGE_STANDARD = "gnu++0x";
				CLANG_CXX_LIBRARY = "libc++";
				CLANG_ENABLE_MODULES = YES;
				CLANG_ENABLE_OBJC_ARC = YES;
				CLANG_WARN_BOOL_CONVERSION = YES;
				CLANG_WARN_CONSTANT_CONVERSION = YES;
				CLANG_WARN_DIRECT_OBJC_ISA_USAGE = YES_ERROR;
				CLANG_WARN_DOCUMENTATION_COMMENTS = YES;
				CLANG_WARN_EMPTY_BODY = YES;
				CLANG_WARN_ENUM_CONVERSION = YES;
				CLANG_WARN_INFINITE_RECURSION = YES;
				CLANG_WARN_INT_CONVERSION = YES;
				CLANG_WARN_OBJC_ROOT_CLASS = YES_ERROR;
				CLANG_WARN_SUSPICIOUS_MOVE = YES;
				CLANG_WARN_UNREACHABLE_CODE = YES;
				CLANG_WARN__DUPLICATE_METHOD_MATCH = YES;
				"CODE_SIGN_IDENTITY[sdk=iphoneos*]" = "iPhone Developer";
				COPY_PHASE_STRIP = NO;
				DEBUG_INFORMATION_FORMAT = "dwarf-with-dsym";
				ENABLE_NS_ASSERTIONS = NO;
				ENABLE_STRICT_OBJC_MSGSEND = YES;
				GCC_C_LANGUAGE_STANDARD = gnu99;
				GCC_NO_COMMON_BLOCKS = YES;
				GCC_WARN_64_TO_32_BIT_CONVERSION = YES;
				GCC_WARN_ABOUT_RETURN_TYPE = YES_ERROR;
				GCC_WARN_UNDECLARED_SELECTOR = YES;
				GCC_WARN_UNINITIALIZED_AUTOS = YES_AGGRESSIVE;
				GCC_WARN_UNUSED_FUNCTION = YES;
				GCC_WARN_UNUSED_VARIABLE = YES;
				IPHONEOS_DEPLOYMENT_TARGET = 9.1;
				MTL_ENABLE_DEBUG_INFO = NO;
				SDKROOT = iphoneos;
				SWIFT_OPTIMIZATION_LEVEL = "-Owholemodule";
				VALIDATE_PRODUCT = YES;
			};
			name = Release;
		};
		173DD2EE1E521AF300888F33 /* Debug */ = {
			isa = XCBuildConfiguration;
			buildSettings = {
				ASSETCATALOG_COMPILER_APPICON_NAME = AppIcon;
				DEVELOPMENT_TEAM = 8JQ4CHYB58;
				FRAMEWORK_SEARCH_PATHS = (
					"$(inherited)",
					"$(PROJECT_DIR)/Carthage/Build/iOS",
				);
				INFOPLIST_FILE = GroveGardenController/Info.plist;
				IPHONEOS_DEPLOYMENT_TARGET = 9.1;
				LD_RUNPATH_SEARCH_PATHS = "$(inherited) @executable_path/Frameworks";
				PRODUCT_BUNDLE_IDENTIFIER = com.grovegrown.GroveGardenController;
				PRODUCT_NAME = "$(TARGET_NAME)";
				SWIFT_OBJC_BRIDGING_HEADER = "GroveGardenController/GroveGardenController-Bridging-Header.h";
				SWIFT_VERSION = 3.0;
			};
			name = Debug;
		};
		173DD2EF1E521AF300888F33 /* Release */ = {
			isa = XCBuildConfiguration;
			buildSettings = {
				ASSETCATALOG_COMPILER_APPICON_NAME = AppIcon;
				DEVELOPMENT_TEAM = 8JQ4CHYB58;
				FRAMEWORK_SEARCH_PATHS = (
					"$(inherited)",
					"$(PROJECT_DIR)/Carthage/Build/iOS",
				);
				INFOPLIST_FILE = GroveGardenController/Info.plist;
				IPHONEOS_DEPLOYMENT_TARGET = 9.1;
				LD_RUNPATH_SEARCH_PATHS = "$(inherited) @executable_path/Frameworks";
				PRODUCT_BUNDLE_IDENTIFIER = com.grovegrown.GroveGardenController;
				PRODUCT_NAME = "$(TARGET_NAME)";
				SWIFT_OBJC_BRIDGING_HEADER = "GroveGardenController/GroveGardenController-Bridging-Header.h";
				SWIFT_VERSION = 3.0;
			};
			name = Release;
		};
/* End XCBuildConfiguration section */

/* Begin XCConfigurationList section */
		173DD2D61E521AF300888F33 /* Build configuration list for PBXProject "GroveGardenController" */ = {
			isa = XCConfigurationList;
			buildConfigurations = (
				173DD2EB1E521AF300888F33 /* Debug */,
				173DD2EC1E521AF300888F33 /* Release */,
			);
			defaultConfigurationIsVisible = 0;
			defaultConfigurationName = Release;
		};
		173DD2ED1E521AF300888F33 /* Build configuration list for PBXNativeTarget "GroveGardenController" */ = {
			isa = XCConfigurationList;
			buildConfigurations = (
				173DD2EE1E521AF300888F33 /* Debug */,
				173DD2EF1E521AF300888F33 /* Release */,
			);
			defaultConfigurationIsVisible = 0;
			defaultConfigurationName = Release;
		};
/* End XCConfigurationList section */
	};
	rootObject = 173DD2D31E521AF300888F33 /* Project object */;
}
