// !$*UTF8*$!
{
	archiveVersion = 1;
	classes = {
	};
	objectVersion = 46;
	objects = {

/* Begin PBXBuildFile section */
		1708D0161E54AAB200998C9A /* UIColor.swift in Sources */ = {isa = PBXBuildFile; fileRef = 1708D0151E54AAB200998C9A /* UIColor.swift */; };
		1708D0181E54D13B00998C9A /* GroveManager.swift in Sources */ = {isa = PBXBuildFile; fileRef = 1708D0171E54D13B00998C9A /* GroveManager.swift */; };
		17103C941E5390E7003D56B4 /* AFHTTPSessionManager.m in Sources */ = {isa = PBXBuildFile; fileRef = 17103C881E5390E7003D56B4 /* AFHTTPSessionManager.m */; };
		17103C951E5390E7003D56B4 /* AFNetworkReachabilityManager.m in Sources */ = {isa = PBXBuildFile; fileRef = 17103C8B1E5390E7003D56B4 /* AFNetworkReachabilityManager.m */; };
		17103C961E5390E7003D56B4 /* AFSecurityPolicy.m in Sources */ = {isa = PBXBuildFile; fileRef = 17103C8D1E5390E7003D56B4 /* AFSecurityPolicy.m */; };
		17103C971E5390E7003D56B4 /* AFURLRequestSerialization.m in Sources */ = {isa = PBXBuildFile; fileRef = 17103C8F1E5390E7003D56B4 /* AFURLRequestSerialization.m */; };
		17103C981E5390E7003D56B4 /* AFURLResponseSerialization.m in Sources */ = {isa = PBXBuildFile; fileRef = 17103C911E5390E7003D56B4 /* AFURLResponseSerialization.m */; };
		17103C991E5390E7003D56B4 /* AFURLSessionManager.m in Sources */ = {isa = PBXBuildFile; fileRef = 17103C931E5390E7003D56B4 /* AFURLSessionManager.m */; };
		17103CAF1E5390EE003D56B4 /* AFAutoPurgingImageCache.m in Sources */ = {isa = PBXBuildFile; fileRef = 17103C9C1E5390EE003D56B4 /* AFAutoPurgingImageCache.m */; };
		17103CB01E5390EE003D56B4 /* AFImageDownloader.m in Sources */ = {isa = PBXBuildFile; fileRef = 17103C9E1E5390EE003D56B4 /* AFImageDownloader.m */; };
		17103CB11E5390EE003D56B4 /* AFNetworkActivityIndicatorManager.m in Sources */ = {isa = PBXBuildFile; fileRef = 17103CA01E5390EE003D56B4 /* AFNetworkActivityIndicatorManager.m */; };
		17103CB21E5390EE003D56B4 /* UIActivityIndicatorView+AFNetworking.m in Sources */ = {isa = PBXBuildFile; fileRef = 17103CA21E5390EE003D56B4 /* UIActivityIndicatorView+AFNetworking.m */; };
		17103CB31E5390EE003D56B4 /* UIButton+AFNetworking.m in Sources */ = {isa = PBXBuildFile; fileRef = 17103CA41E5390EE003D56B4 /* UIButton+AFNetworking.m */; };
		17103CB41E5390EE003D56B4 /* UIImageView+AFNetworking.m in Sources */ = {isa = PBXBuildFile; fileRef = 17103CA71E5390EE003D56B4 /* UIImageView+AFNetworking.m */; };
		17103CB51E5390EE003D56B4 /* UIProgressView+AFNetworking.m in Sources */ = {isa = PBXBuildFile; fileRef = 17103CAA1E5390EE003D56B4 /* UIProgressView+AFNetworking.m */; };
		17103CB61E5390EE003D56B4 /* UIRefreshControl+AFNetworking.m in Sources */ = {isa = PBXBuildFile; fileRef = 17103CAC1E5390EE003D56B4 /* UIRefreshControl+AFNetworking.m */; };
		17103CB71E5390EE003D56B4 /* UIWebView+AFNetworking.m in Sources */ = {isa = PBXBuildFile; fileRef = 17103CAE1E5390EE003D56B4 /* UIWebView+AFNetworking.m */; };
		1715EE7E1E60944F005C2FCA /* AirTableViewController.swift in Sources */ = {isa = PBXBuildFile; fileRef = 1715EE7D1E60944F005C2FCA /* AirTableViewController.swift */; };
		1715EE821E60C790005C2FCA /* FanControls.swift in Sources */ = {isa = PBXBuildFile; fileRef = 1715EE811E60C790005C2FCA /* FanControls.swift */; };
		17214C591E54E050003FBFF4 /* Main.storyboard in Resources */ = {isa = PBXBuildFile; fileRef = 17214C581E54E050003FBFF4 /* Main.storyboard */; };
		17214C5B1E54E184003FBFF4 /* UIStoryboard.swift in Sources */ = {isa = PBXBuildFile; fileRef = 17214C5A1E54E184003FBFF4 /* UIStoryboard.swift */; };
		17214C5D1E54F580003FBFF4 /* Keychain.swift in Sources */ = {isa = PBXBuildFile; fileRef = 17214C5C1E54F580003FBFF4 /* Keychain.swift */; };
		17214C611E550545003FBFF4 /* Grove.swift in Sources */ = {isa = PBXBuildFile; fileRef = 17214C601E550545003FBFF4 /* Grove.swift */; };
		172782761E5F717B001CC9FD /* GardenTableViewController.swift in Sources */ = {isa = PBXBuildFile; fileRef = 172782751E5F717B001CC9FD /* GardenTableViewController.swift */; };
		172782781E5F9A42001CC9FD /* UITableView.swift in Sources */ = {isa = PBXBuildFile; fileRef = 172782771E5F9A42001CC9FD /* UITableView.swift */; };
		1739EDF51E64A6730086C5FD /* LightInterruptionsTableViewController.swift in Sources */ = {isa = PBXBuildFile; fileRef = 1739EDF41E64A6730086C5FD /* LightInterruptionsTableViewController.swift */; };
		1739EDF71E64AB820086C5FD /* LightControls.swift in Sources */ = {isa = PBXBuildFile; fileRef = 1739EDF61E64AB820086C5FD /* LightControls.swift */; };
		1739EDF91E64D2480086C5FD /* FanIntensityTableViewController.swift in Sources */ = {isa = PBXBuildFile; fileRef = 1739EDF81E64D2480086C5FD /* FanIntensityTableViewController.swift */; };
		173DD2DF1E521AF300888F33 /* AppDelegate.swift in Sources */ = {isa = PBXBuildFile; fileRef = 173DD2DE1E521AF300888F33 /* AppDelegate.swift */; };
		173DD2E11E521AF300888F33 /* LoginViewController.swift in Sources */ = {isa = PBXBuildFile; fileRef = 173DD2E01E521AF300888F33 /* LoginViewController.swift */; };
		173DD2E41E521AF300888F33 /* Login.storyboard in Resources */ = {isa = PBXBuildFile; fileRef = 173DD2E21E521AF300888F33 /* Login.storyboard */; };
		173DD2E61E521AF300888F33 /* Assets.xcassets in Resources */ = {isa = PBXBuildFile; fileRef = 173DD2E51E521AF300888F33 /* Assets.xcassets */; };
		173DD2E91E521AF300888F33 /* LaunchScreen.storyboard in Resources */ = {isa = PBXBuildFile; fileRef = 173DD2E71E521AF300888F33 /* LaunchScreen.storyboard */; };
		173DD3061E5247AF00888F33 /* Secrets.swift in Sources */ = {isa = PBXBuildFile; fileRef = 173DD3051E5247AF00888F33 /* Secrets.swift */; };
		178F64EE1E5359FB00161ECC /* EventSource.m in Sources */ = {isa = PBXBuildFile; fileRef = 178F64E01E5359FB00161ECC /* EventSource.m */; };
		178F64EF1E5359FB00161ECC /* KeychainItemWrapper.m in Sources */ = {isa = PBXBuildFile; fileRef = 178F64E21E5359FB00161ECC /* KeychainItemWrapper.m */; };
		178F64F01E5359FB00161ECC /* SparkCloud.m in Sources */ = {isa = PBXBuildFile; fileRef = 178F64E51E5359FB00161ECC /* SparkCloud.m */; };
		178F64F11E5359FB00161ECC /* SparkDevice.m in Sources */ = {isa = PBXBuildFile; fileRef = 178F64E71E5359FB00161ECC /* SparkDevice.m */; };
		178F64F21E5359FB00161ECC /* SparkEvent.m in Sources */ = {isa = PBXBuildFile; fileRef = 178F64E91E5359FB00161ECC /* SparkEvent.m */; };
		178F64F31E5359FB00161ECC /* SparkSession.m in Sources */ = {isa = PBXBuildFile; fileRef = 178F64EB1E5359FB00161ECC /* SparkSession.m */; };
		179BF6BE1E5CA8E0008F702E /* Notifications.swift in Sources */ = {isa = PBXBuildFile; fileRef = 179BF6BD1E5CA8E0008F702E /* Notifications.swift */; };
		179BF6C01E5CF461008F702E /* String.swift in Sources */ = {isa = PBXBuildFile; fileRef = 179BF6BF1E5CF461008F702E /* String.swift */; };
		179BF6C21E5CF492008F702E /* Errors.swift in Sources */ = {isa = PBXBuildFile; fileRef = 179BF6C11E5CF492008F702E /* Errors.swift */; };
		179BF6C41E5CFBE9008F702E /* Sensors.swift in Sources */ = {isa = PBXBuildFile; fileRef = 179BF6C31E5CFBE9008F702E /* Sensors.swift */; };
		179BF6C71E5DEAD1008F702E /* UIViewController.swift in Sources */ = {isa = PBXBuildFile; fileRef = 179BF6C61E5DEAD1008F702E /* UIViewController.swift */; };
		179BF6C91E5E187A008F702E /* Light.swift in Sources */ = {isa = PBXBuildFile; fileRef = 179BF6C81E5E187A008F702E /* Light.swift */; };
		179BF6CB1E5E1EDE008F702E /* Pump.swift in Sources */ = {isa = PBXBuildFile; fileRef = 179BF6CA1E5E1EDE008F702E /* Pump.swift */; };
		179BF6D01E5E2C1F008F702E /* Fan.swift in Sources */ = {isa = PBXBuildFile; fileRef = 179BF6CF1E5E2C1F008F702E /* Fan.swift */; };
		17CE0D091E65CDAE00F40131 /* Int.swift in Sources */ = {isa = PBXBuildFile; fileRef = 17CE0D081E65CDAE00F40131 /* Int.swift */; };
		17CE0D0B1E65D14D00F40131 /* PumpControls.swift in Sources */ = {isa = PBXBuildFile; fileRef = 17CE0D0A1E65D14D00F40131 /* PumpControls.swift */; };
		17CE0D0D1E65D23F00F40131 /* PumpScheduleTableViewController.swift in Sources */ = {isa = PBXBuildFile; fileRef = 17CE0D0C1E65D23F00F40131 /* PumpScheduleTableViewController.swift */; };
		17CE0D111E65D64B00F40131 /* PumpInterruptionsTableViewController.swift in Sources */ = {isa = PBXBuildFile; fileRef = 17CE0D101E65D64B00F40131 /* PumpInterruptionsTableViewController.swift */; };
		17CE0D131E65DE0500F40131 /* WaterTableViewController.swift in Sources */ = {isa = PBXBuildFile; fileRef = 17CE0D121E65DE0500F40131 /* WaterTableViewController.swift */; };
		17CE0D151E6602E200F40131 /* HeaterTargetTempTableViewController.swift in Sources */ = {isa = PBXBuildFile; fileRef = 17CE0D141E6602E200F40131 /* HeaterTargetTempTableViewController.swift */; };
/* End PBXBuildFile section */

/* Begin PBXFileReference section */
		1708D0151E54AAB200998C9A /* UIColor.swift */ = {isa = PBXFileReference; fileEncoding = 4; lastKnownFileType = sourcecode.swift; path = UIColor.swift; sourceTree = "<group>"; };
		1708D0171E54D13B00998C9A /* GroveManager.swift */ = {isa = PBXFileReference; fileEncoding = 4; lastKnownFileType = sourcecode.swift; name = GroveManager.swift; path = Models/GroveManager.swift; sourceTree = "<group>"; };
		17103C1C1E538841003D56B4 /* GroveGardenController-Bridging-Header.h */ = {isa = PBXFileReference; lastKnownFileType = sourcecode.c.h; path = "GroveGardenController-Bridging-Header.h"; sourceTree = "<group>"; };
		17103C871E5390E7003D56B4 /* AFHTTPSessionManager.h */ = {isa = PBXFileReference; fileEncoding = 4; lastKnownFileType = sourcecode.c.h; path = AFHTTPSessionManager.h; sourceTree = "<group>"; };
		17103C881E5390E7003D56B4 /* AFHTTPSessionManager.m */ = {isa = PBXFileReference; fileEncoding = 4; lastKnownFileType = sourcecode.c.objc; path = AFHTTPSessionManager.m; sourceTree = "<group>"; };
		17103C891E5390E7003D56B4 /* AFNetworking.h */ = {isa = PBXFileReference; fileEncoding = 4; lastKnownFileType = sourcecode.c.h; path = AFNetworking.h; sourceTree = "<group>"; };
		17103C8A1E5390E7003D56B4 /* AFNetworkReachabilityManager.h */ = {isa = PBXFileReference; fileEncoding = 4; lastKnownFileType = sourcecode.c.h; path = AFNetworkReachabilityManager.h; sourceTree = "<group>"; };
		17103C8B1E5390E7003D56B4 /* AFNetworkReachabilityManager.m */ = {isa = PBXFileReference; fileEncoding = 4; lastKnownFileType = sourcecode.c.objc; path = AFNetworkReachabilityManager.m; sourceTree = "<group>"; };
		17103C8C1E5390E7003D56B4 /* AFSecurityPolicy.h */ = {isa = PBXFileReference; fileEncoding = 4; lastKnownFileType = sourcecode.c.h; path = AFSecurityPolicy.h; sourceTree = "<group>"; };
		17103C8D1E5390E7003D56B4 /* AFSecurityPolicy.m */ = {isa = PBXFileReference; fileEncoding = 4; lastKnownFileType = sourcecode.c.objc; path = AFSecurityPolicy.m; sourceTree = "<group>"; };
		17103C8E1E5390E7003D56B4 /* AFURLRequestSerialization.h */ = {isa = PBXFileReference; fileEncoding = 4; lastKnownFileType = sourcecode.c.h; path = AFURLRequestSerialization.h; sourceTree = "<group>"; };
		17103C8F1E5390E7003D56B4 /* AFURLRequestSerialization.m */ = {isa = PBXFileReference; fileEncoding = 4; lastKnownFileType = sourcecode.c.objc; path = AFURLRequestSerialization.m; sourceTree = "<group>"; };
		17103C901E5390E7003D56B4 /* AFURLResponseSerialization.h */ = {isa = PBXFileReference; fileEncoding = 4; lastKnownFileType = sourcecode.c.h; path = AFURLResponseSerialization.h; sourceTree = "<group>"; };
		17103C911E5390E7003D56B4 /* AFURLResponseSerialization.m */ = {isa = PBXFileReference; fileEncoding = 4; lastKnownFileType = sourcecode.c.objc; path = AFURLResponseSerialization.m; sourceTree = "<group>"; };
		17103C921E5390E7003D56B4 /* AFURLSessionManager.h */ = {isa = PBXFileReference; fileEncoding = 4; lastKnownFileType = sourcecode.c.h; path = AFURLSessionManager.h; sourceTree = "<group>"; };
		17103C931E5390E7003D56B4 /* AFURLSessionManager.m */ = {isa = PBXFileReference; fileEncoding = 4; lastKnownFileType = sourcecode.c.objc; path = AFURLSessionManager.m; sourceTree = "<group>"; };
		17103C9B1E5390EE003D56B4 /* AFAutoPurgingImageCache.h */ = {isa = PBXFileReference; fileEncoding = 4; lastKnownFileType = sourcecode.c.h; path = AFAutoPurgingImageCache.h; sourceTree = "<group>"; };
		17103C9C1E5390EE003D56B4 /* AFAutoPurgingImageCache.m */ = {isa = PBXFileReference; fileEncoding = 4; lastKnownFileType = sourcecode.c.objc; path = AFAutoPurgingImageCache.m; sourceTree = "<group>"; };
		17103C9D1E5390EE003D56B4 /* AFImageDownloader.h */ = {isa = PBXFileReference; fileEncoding = 4; lastKnownFileType = sourcecode.c.h; path = AFImageDownloader.h; sourceTree = "<group>"; };
		17103C9E1E5390EE003D56B4 /* AFImageDownloader.m */ = {isa = PBXFileReference; fileEncoding = 4; lastKnownFileType = sourcecode.c.objc; path = AFImageDownloader.m; sourceTree = "<group>"; };
		17103C9F1E5390EE003D56B4 /* AFNetworkActivityIndicatorManager.h */ = {isa = PBXFileReference; fileEncoding = 4; lastKnownFileType = sourcecode.c.h; path = AFNetworkActivityIndicatorManager.h; sourceTree = "<group>"; };
		17103CA01E5390EE003D56B4 /* AFNetworkActivityIndicatorManager.m */ = {isa = PBXFileReference; fileEncoding = 4; lastKnownFileType = sourcecode.c.objc; path = AFNetworkActivityIndicatorManager.m; sourceTree = "<group>"; };
		17103CA11E5390EE003D56B4 /* UIActivityIndicatorView+AFNetworking.h */ = {isa = PBXFileReference; fileEncoding = 4; lastKnownFileType = sourcecode.c.h; path = "UIActivityIndicatorView+AFNetworking.h"; sourceTree = "<group>"; };
		17103CA21E5390EE003D56B4 /* UIActivityIndicatorView+AFNetworking.m */ = {isa = PBXFileReference; fileEncoding = 4; lastKnownFileType = sourcecode.c.objc; path = "UIActivityIndicatorView+AFNetworking.m"; sourceTree = "<group>"; };
		17103CA31E5390EE003D56B4 /* UIButton+AFNetworking.h */ = {isa = PBXFileReference; fileEncoding = 4; lastKnownFileType = sourcecode.c.h; path = "UIButton+AFNetworking.h"; sourceTree = "<group>"; };
		17103CA41E5390EE003D56B4 /* UIButton+AFNetworking.m */ = {isa = PBXFileReference; fileEncoding = 4; lastKnownFileType = sourcecode.c.objc; path = "UIButton+AFNetworking.m"; sourceTree = "<group>"; };
		17103CA51E5390EE003D56B4 /* UIImage+AFNetworking.h */ = {isa = PBXFileReference; fileEncoding = 4; lastKnownFileType = sourcecode.c.h; path = "UIImage+AFNetworking.h"; sourceTree = "<group>"; };
		17103CA61E5390EE003D56B4 /* UIImageView+AFNetworking.h */ = {isa = PBXFileReference; fileEncoding = 4; lastKnownFileType = sourcecode.c.h; path = "UIImageView+AFNetworking.h"; sourceTree = "<group>"; };
		17103CA71E5390EE003D56B4 /* UIImageView+AFNetworking.m */ = {isa = PBXFileReference; fileEncoding = 4; lastKnownFileType = sourcecode.c.objc; path = "UIImageView+AFNetworking.m"; sourceTree = "<group>"; };
		17103CA81E5390EE003D56B4 /* UIKit+AFNetworking.h */ = {isa = PBXFileReference; fileEncoding = 4; lastKnownFileType = sourcecode.c.h; path = "UIKit+AFNetworking.h"; sourceTree = "<group>"; };
		17103CA91E5390EE003D56B4 /* UIProgressView+AFNetworking.h */ = {isa = PBXFileReference; fileEncoding = 4; lastKnownFileType = sourcecode.c.h; path = "UIProgressView+AFNetworking.h"; sourceTree = "<group>"; };
		17103CAA1E5390EE003D56B4 /* UIProgressView+AFNetworking.m */ = {isa = PBXFileReference; fileEncoding = 4; lastKnownFileType = sourcecode.c.objc; path = "UIProgressView+AFNetworking.m"; sourceTree = "<group>"; };
		17103CAB1E5390EE003D56B4 /* UIRefreshControl+AFNetworking.h */ = {isa = PBXFileReference; fileEncoding = 4; lastKnownFileType = sourcecode.c.h; path = "UIRefreshControl+AFNetworking.h"; sourceTree = "<group>"; };
		17103CAC1E5390EE003D56B4 /* UIRefreshControl+AFNetworking.m */ = {isa = PBXFileReference; fileEncoding = 4; lastKnownFileType = sourcecode.c.objc; path = "UIRefreshControl+AFNetworking.m"; sourceTree = "<group>"; };
		17103CAD1E5390EE003D56B4 /* UIWebView+AFNetworking.h */ = {isa = PBXFileReference; fileEncoding = 4; lastKnownFileType = sourcecode.c.h; path = "UIWebView+AFNetworking.h"; sourceTree = "<group>"; };
		17103CAE1E5390EE003D56B4 /* UIWebView+AFNetworking.m */ = {isa = PBXFileReference; fileEncoding = 4; lastKnownFileType = sourcecode.c.objc; path = "UIWebView+AFNetworking.m"; sourceTree = "<group>"; };
		1715EE7D1E60944F005C2FCA /* AirTableViewController.swift */ = {isa = PBXFileReference; fileEncoding = 4; lastKnownFileType = sourcecode.swift; name = AirTableViewController.swift; path = Views/AirTableViewController.swift; sourceTree = "<group>"; };
		1715EE811E60C790005C2FCA /* FanControls.swift */ = {isa = PBXFileReference; fileEncoding = 4; lastKnownFileType = sourcecode.swift; name = FanControls.swift; path = Models/Grove/FanControls.swift; sourceTree = "<group>"; };
		17214C581E54E050003FBFF4 /* Main.storyboard */ = {isa = PBXFileReference; fileEncoding = 4; lastKnownFileType = file.storyboard; name = Main.storyboard; path = Views/Main.storyboard; sourceTree = "<group>"; };
		17214C5A1E54E184003FBFF4 /* UIStoryboard.swift */ = {isa = PBXFileReference; fileEncoding = 4; lastKnownFileType = sourcecode.swift; path = UIStoryboard.swift; sourceTree = "<group>"; };
		17214C5C1E54F580003FBFF4 /* Keychain.swift */ = {isa = PBXFileReference; fileEncoding = 4; lastKnownFileType = sourcecode.swift; path = Keychain.swift; sourceTree = "<group>"; };
		17214C601E550545003FBFF4 /* Grove.swift */ = {isa = PBXFileReference; fileEncoding = 4; lastKnownFileType = sourcecode.swift; name = Grove.swift; path = Models/Grove.swift; sourceTree = "<group>"; };
		172782751E5F717B001CC9FD /* GardenTableViewController.swift */ = {isa = PBXFileReference; fileEncoding = 4; lastKnownFileType = sourcecode.swift; name = GardenTableViewController.swift; path = Views/GardenTableViewController.swift; sourceTree = "<group>"; };
		172782771E5F9A42001CC9FD /* UITableView.swift */ = {isa = PBXFileReference; fileEncoding = 4; lastKnownFileType = sourcecode.swift; path = UITableView.swift; sourceTree = "<group>"; };
		1739EDF41E64A6730086C5FD /* LightInterruptionsTableViewController.swift */ = {isa = PBXFileReference; fileEncoding = 4; lastKnownFileType = sourcecode.swift; name = LightInterruptionsTableViewController.swift; path = Views/LightInterruptionsTableViewController.swift; sourceTree = "<group>"; };
		1739EDF61E64AB820086C5FD /* LightControls.swift */ = {isa = PBXFileReference; fileEncoding = 4; lastKnownFileType = sourcecode.swift; name = LightControls.swift; path = Models/Grove/LightControls.swift; sourceTree = "<group>"; };
		1739EDF81E64D2480086C5FD /* FanIntensityTableViewController.swift */ = {isa = PBXFileReference; fileEncoding = 4; lastKnownFileType = sourcecode.swift; name = FanIntensityTableViewController.swift; path = Views/FanIntensityTableViewController.swift; sourceTree = "<group>"; };
		173DD2DB1E521AF300888F33 /* GroveGardenController.app */ = {isa = PBXFileReference; explicitFileType = wrapper.application; includeInIndex = 0; path = GroveGardenController.app; sourceTree = BUILT_PRODUCTS_DIR; };
		173DD2DE1E521AF300888F33 /* AppDelegate.swift */ = {isa = PBXFileReference; lastKnownFileType = sourcecode.swift; path = AppDelegate.swift; sourceTree = "<group>"; };
		173DD2E01E521AF300888F33 /* LoginViewController.swift */ = {isa = PBXFileReference; lastKnownFileType = sourcecode.swift; name = LoginViewController.swift; path = Views/LoginViewController.swift; sourceTree = "<group>"; };
		173DD2E31E521AF300888F33 /* Base */ = {isa = PBXFileReference; lastKnownFileType = file.storyboard; name = Base; path = Views/Login.storyboard; sourceTree = "<group>"; };
		173DD2E51E521AF300888F33 /* Assets.xcassets */ = {isa = PBXFileReference; lastKnownFileType = folder.assetcatalog; path = Assets.xcassets; sourceTree = "<group>"; };
		173DD2E81E521AF300888F33 /* Base */ = {isa = PBXFileReference; lastKnownFileType = file.storyboard; name = Base; path = Views/LaunchScreen.storyboard; sourceTree = "<group>"; };
		173DD2EA1E521AF300888F33 /* Info.plist */ = {isa = PBXFileReference; lastKnownFileType = text.plist.xml; path = Info.plist; sourceTree = "<group>"; };
		173DD3051E5247AF00888F33 /* Secrets.swift */ = {isa = PBXFileReference; fileEncoding = 4; lastKnownFileType = sourcecode.swift; path = Secrets.swift; sourceTree = "<group>"; };
		178F64DF1E5359FB00161ECC /* EventSource.h */ = {isa = PBXFileReference; fileEncoding = 4; lastKnownFileType = sourcecode.c.h; path = EventSource.h; sourceTree = "<group>"; };
		178F64E01E5359FB00161ECC /* EventSource.m */ = {isa = PBXFileReference; fileEncoding = 4; lastKnownFileType = sourcecode.c.objc; path = EventSource.m; sourceTree = "<group>"; };
		178F64E11E5359FB00161ECC /* KeychainItemWrapper.h */ = {isa = PBXFileReference; fileEncoding = 4; lastKnownFileType = sourcecode.c.h; path = KeychainItemWrapper.h; sourceTree = "<group>"; };
		178F64E21E5359FB00161ECC /* KeychainItemWrapper.m */ = {isa = PBXFileReference; fileEncoding = 4; lastKnownFileType = sourcecode.c.objc; path = KeychainItemWrapper.m; sourceTree = "<group>"; };
		178F64E41E5359FB00161ECC /* SparkCloud.h */ = {isa = PBXFileReference; fileEncoding = 4; lastKnownFileType = sourcecode.c.h; path = SparkCloud.h; sourceTree = "<group>"; };
		178F64E51E5359FB00161ECC /* SparkCloud.m */ = {isa = PBXFileReference; fileEncoding = 4; lastKnownFileType = sourcecode.c.objc; path = SparkCloud.m; sourceTree = "<group>"; };
		178F64E61E5359FB00161ECC /* SparkDevice.h */ = {isa = PBXFileReference; fileEncoding = 4; lastKnownFileType = sourcecode.c.h; path = SparkDevice.h; sourceTree = "<group>"; };
		178F64E71E5359FB00161ECC /* SparkDevice.m */ = {isa = PBXFileReference; fileEncoding = 4; lastKnownFileType = sourcecode.c.objc; path = SparkDevice.m; sourceTree = "<group>"; };
		178F64E81E5359FB00161ECC /* SparkEvent.h */ = {isa = PBXFileReference; fileEncoding = 4; lastKnownFileType = sourcecode.c.h; path = SparkEvent.h; sourceTree = "<group>"; };
		178F64E91E5359FB00161ECC /* SparkEvent.m */ = {isa = PBXFileReference; fileEncoding = 4; lastKnownFileType = sourcecode.c.objc; path = SparkEvent.m; sourceTree = "<group>"; };
		178F64EA1E5359FB00161ECC /* SparkSession.h */ = {isa = PBXFileReference; fileEncoding = 4; lastKnownFileType = sourcecode.c.h; path = SparkSession.h; sourceTree = "<group>"; };
		178F64EB1E5359FB00161ECC /* SparkSession.m */ = {isa = PBXFileReference; fileEncoding = 4; lastKnownFileType = sourcecode.c.objc; path = SparkSession.m; sourceTree = "<group>"; };
		178F64EC1E5359FB00161ECC /* Spark-SDK-Bridging-Header.h */ = {isa = PBXFileReference; fileEncoding = 4; lastKnownFileType = sourcecode.c.h; name = "Spark-SDK-Bridging-Header.h"; path = "spark-sdk-ios/Pod/Classes/Spark-SDK-Bridging-Header.h"; sourceTree = "<group>"; };
		178F64ED1E5359FB00161ECC /* Spark-SDK.h */ = {isa = PBXFileReference; fileEncoding = 4; lastKnownFileType = sourcecode.c.h; name = "Spark-SDK.h"; path = "spark-sdk-ios/Pod/Classes/Spark-SDK.h"; sourceTree = "<group>"; };
		179BF6BD1E5CA8E0008F702E /* Notifications.swift */ = {isa = PBXFileReference; fileEncoding = 4; lastKnownFileType = sourcecode.swift; path = Notifications.swift; sourceTree = "<group>"; };
		179BF6BF1E5CF461008F702E /* String.swift */ = {isa = PBXFileReference; fileEncoding = 4; lastKnownFileType = sourcecode.swift; path = String.swift; sourceTree = "<group>"; };
		179BF6C11E5CF492008F702E /* Errors.swift */ = {isa = PBXFileReference; fileEncoding = 4; lastKnownFileType = sourcecode.swift; path = Errors.swift; sourceTree = "<group>"; };
		179BF6C31E5CFBE9008F702E /* Sensors.swift */ = {isa = PBXFileReference; fileEncoding = 4; lastKnownFileType = sourcecode.swift; name = Sensors.swift; path = Models/Sensors.swift; sourceTree = "<group>"; };
		179BF6C61E5DEAD1008F702E /* UIViewController.swift */ = {isa = PBXFileReference; fileEncoding = 4; lastKnownFileType = sourcecode.swift; path = UIViewController.swift; sourceTree = "<group>"; };
		179BF6C81E5E187A008F702E /* Light.swift */ = {isa = PBXFileReference; fileEncoding = 4; lastKnownFileType = sourcecode.swift; name = Light.swift; path = Models/Light.swift; sourceTree = "<group>"; };
		179BF6CA1E5E1EDE008F702E /* Pump.swift */ = {isa = PBXFileReference; fileEncoding = 4; lastKnownFileType = sourcecode.swift; name = Pump.swift; path = Models/Pump.swift; sourceTree = "<group>"; };
		179BF6CF1E5E2C1F008F702E /* Fan.swift */ = {isa = PBXFileReference; fileEncoding = 4; lastKnownFileType = sourcecode.swift; name = Fan.swift; path = Models/Fan.swift; sourceTree = "<group>"; };
		17CE0D081E65CDAE00F40131 /* Int.swift */ = {isa = PBXFileReference; fileEncoding = 4; lastKnownFileType = sourcecode.swift; path = Int.swift; sourceTree = "<group>"; };
		17CE0D0A1E65D14D00F40131 /* PumpControls.swift */ = {isa = PBXFileReference; fileEncoding = 4; lastKnownFileType = sourcecode.swift; name = PumpControls.swift; path = Models/Grove/PumpControls.swift; sourceTree = "<group>"; };
		17CE0D0C1E65D23F00F40131 /* PumpScheduleTableViewController.swift */ = {isa = PBXFileReference; fileEncoding = 4; lastKnownFileType = sourcecode.swift; name = PumpScheduleTableViewController.swift; path = Views/PumpScheduleTableViewController.swift; sourceTree = "<group>"; };
		17CE0D101E65D64B00F40131 /* PumpInterruptionsTableViewController.swift */ = {isa = PBXFileReference; fileEncoding = 4; lastKnownFileType = sourcecode.swift; name = PumpInterruptionsTableViewController.swift; path = Views/PumpInterruptionsTableViewController.swift; sourceTree = "<group>"; };
		17CE0D121E65DE0500F40131 /* WaterTableViewController.swift */ = {isa = PBXFileReference; fileEncoding = 4; lastKnownFileType = sourcecode.swift; name = WaterTableViewController.swift; path = Views/WaterTableViewController.swift; sourceTree = "<group>"; };
		17CE0D141E6602E200F40131 /* HeaterTargetTempTableViewController.swift */ = {isa = PBXFileReference; fileEncoding = 4; lastKnownFileType = sourcecode.swift; name = HeaterTargetTempTableViewController.swift; path = Views/HeaterTargetTempTableViewController.swift; sourceTree = "<group>"; };
/* End PBXFileReference section */

/* Begin PBXFrameworksBuildPhase section */
		173DD2D81E521AF300888F33 /* Frameworks */ = {
			isa = PBXFrameworksBuildPhase;
			buildActionMask = 2147483647;
			files = (
			);
			runOnlyForDeploymentPostprocessing = 0;
		};
/* End PBXFrameworksBuildPhase section */

/* Begin PBXGroup section */
		1708D0141E54AA8F00998C9A /* Utilities */ = {
			isa = PBXGroup;
			children = (
				179BF6C11E5CF492008F702E /* Errors.swift */,
				17CE0D081E65CDAE00F40131 /* Int.swift */,
				17214C5C1E54F580003FBFF4 /* Keychain.swift */,
				179BF6BD1E5CA8E0008F702E /* Notifications.swift */,
				179BF6BF1E5CF461008F702E /* String.swift */,
				1708D0151E54AAB200998C9A /* UIColor.swift */,
				17214C5A1E54E184003FBFF4 /* UIStoryboard.swift */,
				172782771E5F9A42001CC9FD /* UITableView.swift */,
				179BF6C61E5DEAD1008F702E /* UIViewController.swift */,
			);
			path = Utilities;
			sourceTree = "<group>";
		};
		17103C851E5390DA003D56B4 /* AFNetworking */ = {
			isa = PBXGroup;
			children = (
				17103C861E5390E7003D56B4 /* AFNetworking */,
				17103C9A1E5390EE003D56B4 /* UIKit+AFNetworking */,
			);
			name = AFNetworking;
			sourceTree = "<group>";
		};
		17103C861E5390E7003D56B4 /* AFNetworking */ = {
			isa = PBXGroup;
			children = (
				17103C871E5390E7003D56B4 /* AFHTTPSessionManager.h */,
				17103C881E5390E7003D56B4 /* AFHTTPSessionManager.m */,
				17103C891E5390E7003D56B4 /* AFNetworking.h */,
				17103C8A1E5390E7003D56B4 /* AFNetworkReachabilityManager.h */,
				17103C8B1E5390E7003D56B4 /* AFNetworkReachabilityManager.m */,
				17103C8C1E5390E7003D56B4 /* AFSecurityPolicy.h */,
				17103C8D1E5390E7003D56B4 /* AFSecurityPolicy.m */,
				17103C8E1E5390E7003D56B4 /* AFURLRequestSerialization.h */,
				17103C8F1E5390E7003D56B4 /* AFURLRequestSerialization.m */,
				17103C901E5390E7003D56B4 /* AFURLResponseSerialization.h */,
				17103C911E5390E7003D56B4 /* AFURLResponseSerialization.m */,
				17103C921E5390E7003D56B4 /* AFURLSessionManager.h */,
				17103C931E5390E7003D56B4 /* AFURLSessionManager.m */,
			);
			name = AFNetworking;
			path = AFNetworking/AFNetworking;
			sourceTree = "<group>";
		};
		17103C9A1E5390EE003D56B4 /* UIKit+AFNetworking */ = {
			isa = PBXGroup;
			children = (
				17103C9B1E5390EE003D56B4 /* AFAutoPurgingImageCache.h */,
				17103C9C1E5390EE003D56B4 /* AFAutoPurgingImageCache.m */,
				17103C9D1E5390EE003D56B4 /* AFImageDownloader.h */,
				17103C9E1E5390EE003D56B4 /* AFImageDownloader.m */,
				17103C9F1E5390EE003D56B4 /* AFNetworkActivityIndicatorManager.h */,
				17103CA01E5390EE003D56B4 /* AFNetworkActivityIndicatorManager.m */,
				17103CA11E5390EE003D56B4 /* UIActivityIndicatorView+AFNetworking.h */,
				17103CA21E5390EE003D56B4 /* UIActivityIndicatorView+AFNetworking.m */,
				17103CA31E5390EE003D56B4 /* UIButton+AFNetworking.h */,
				17103CA41E5390EE003D56B4 /* UIButton+AFNetworking.m */,
				17103CA51E5390EE003D56B4 /* UIImage+AFNetworking.h */,
				17103CA61E5390EE003D56B4 /* UIImageView+AFNetworking.h */,
				17103CA71E5390EE003D56B4 /* UIImageView+AFNetworking.m */,
				17103CA81E5390EE003D56B4 /* UIKit+AFNetworking.h */,
				17103CA91E5390EE003D56B4 /* UIProgressView+AFNetworking.h */,
				17103CAA1E5390EE003D56B4 /* UIProgressView+AFNetworking.m */,
				17103CAB1E5390EE003D56B4 /* UIRefreshControl+AFNetworking.h */,
				17103CAC1E5390EE003D56B4 /* UIRefreshControl+AFNetworking.m */,
				17103CAD1E5390EE003D56B4 /* UIWebView+AFNetworking.h */,
				17103CAE1E5390EE003D56B4 /* UIWebView+AFNetworking.m */,
			);
			name = "UIKit+AFNetworking";
			path = "AFNetworking/UIKit+AFNetworking";
			sourceTree = "<group>";
		};
		17214C5E1E55045F003FBFF4 /* Views */ = {
			isa = PBXGroup;
			children = (
				1715EE7D1E60944F005C2FCA /* AirTableViewController.swift */,
				1739EDF81E64D2480086C5FD /* FanIntensityTableViewController.swift */,
				172782751E5F717B001CC9FD /* GardenTableViewController.swift */,
				173DD2E71E521AF300888F33 /* LaunchScreen.storyboard */,
				1739EDF41E64A6730086C5FD /* LightInterruptionsTableViewController.swift */,
				173DD2E21E521AF300888F33 /* Login.storyboard */,
				173DD2E01E521AF300888F33 /* LoginViewController.swift */,
				17214C581E54E050003FBFF4 /* Main.storyboard */,
				17CE0D141E6602E200F40131 /* HeaterTargetTempTableViewController.swift */,
				17CE0D101E65D64B00F40131 /* PumpInterruptionsTableViewController.swift */,
				17CE0D0C1E65D23F00F40131 /* PumpScheduleTableViewController.swift */,
				17CE0D121E65DE0500F40131 /* WaterTableViewController.swift */,
			);
			name = Views;
			sourceTree = "<group>";
		};
		17214C5F1E55052D003FBFF4 /* Models */ = {
			isa = PBXGroup;
			children = (
				17214C601E550545003FBFF4 /* Grove.swift */,
				179BF6CC1E5E2B5B008F702E /* Grove */,
				1708D0171E54D13B00998C9A /* GroveManager.swift */,
				179BF6C81E5E187A008F702E /* Light.swift */,
				179BF6CF1E5E2C1F008F702E /* Fan.swift */,
				179BF6CA1E5E1EDE008F702E /* Pump.swift */,
				179BF6C31E5CFBE9008F702E /* Sensors.swift */,
			);
			name = Models;
			sourceTree = "<group>";
		};
		173DD2D21E521AF300888F33 = {
			isa = PBXGroup;
			children = (
				178F63C11E53589F00161ECC /* Frameworks */,
				173DD2DD1E521AF300888F33 /* GroveGardenController */,
				173DD2DC1E521AF300888F33 /* Products */,
			);
			sourceTree = "<group>";
		};
		173DD2DC1E521AF300888F33 /* Products */ = {
			isa = PBXGroup;
			children = (
				173DD2DB1E521AF300888F33 /* GroveGardenController.app */,
			);
			name = Products;
			sourceTree = "<group>";
		};
		173DD2DD1E521AF300888F33 /* GroveGardenController */ = {
			isa = PBXGroup;
			children = (
				173DD3051E5247AF00888F33 /* Secrets.swift */,
				17103C1C1E538841003D56B4 /* GroveGardenController-Bridging-Header.h */,
				173DD2EA1E521AF300888F33 /* Info.plist */,
				173DD2DE1E521AF300888F33 /* AppDelegate.swift */,
				173DD2E51E521AF300888F33 /* Assets.xcassets */,
				17214C5F1E55052D003FBFF4 /* Models */,
				1708D0141E54AA8F00998C9A /* Utilities */,
				17214C5E1E55045F003FBFF4 /* Views */,
			);
			path = GroveGardenController;
			sourceTree = "<group>";
		};
		178F63C11E53589F00161ECC /* Frameworks */ = {
			isa = PBXGroup;
			children = (
				178F64DC1E5359C500161ECC /* Embedded */,
			);
			path = Frameworks;
			sourceTree = "<group>";
		};
		178F64DC1E5359C500161ECC /* Embedded */ = {
			isa = PBXGroup;
			children = (
				178F64DD1E5359D800161ECC /* spark-sdk-ios */,
				17103C851E5390DA003D56B4 /* AFNetworking */,
			);
			name = Embedded;
			sourceTree = "<group>";
		};
		178F64DD1E5359D800161ECC /* spark-sdk-ios */ = {
			isa = PBXGroup;
			children = (
				178F64DE1E5359FB00161ECC /* Helpers */,
				178F64E31E5359FB00161ECC /* SDK */,
				178F64EC1E5359FB00161ECC /* Spark-SDK-Bridging-Header.h */,
				178F64ED1E5359FB00161ECC /* Spark-SDK.h */,
			);
			name = "spark-sdk-ios";
			sourceTree = "<group>";
		};
		178F64DE1E5359FB00161ECC /* Helpers */ = {
			isa = PBXGroup;
			children = (
				178F64DF1E5359FB00161ECC /* EventSource.h */,
				178F64E01E5359FB00161ECC /* EventSource.m */,
				178F64E11E5359FB00161ECC /* KeychainItemWrapper.h */,
				178F64E21E5359FB00161ECC /* KeychainItemWrapper.m */,
			);
			name = Helpers;
			path = "spark-sdk-ios/Pod/Classes/Helpers";
			sourceTree = "<group>";
		};
		178F64E31E5359FB00161ECC /* SDK */ = {
			isa = PBXGroup;
			children = (
				178F64E41E5359FB00161ECC /* SparkCloud.h */,
				178F64E51E5359FB00161ECC /* SparkCloud.m */,
				178F64E61E5359FB00161ECC /* SparkDevice.h */,
				178F64E71E5359FB00161ECC /* SparkDevice.m */,
				178F64E81E5359FB00161ECC /* SparkEvent.h */,
				178F64E91E5359FB00161ECC /* SparkEvent.m */,
				178F64EA1E5359FB00161ECC /* SparkSession.h */,
				178F64EB1E5359FB00161ECC /* SparkSession.m */,
			);
			name = SDK;
			path = "spark-sdk-ios/Pod/Classes/SDK";
			sourceTree = "<group>";
		};
		179BF6CC1E5E2B5B008F702E /* Grove */ = {
			isa = PBXGroup;
			children = (
				1715EE811E60C790005C2FCA /* FanControls.swift */,
				17CE0D0A1E65D14D00F40131 /* PumpControls.swift */,
				1739EDF61E64AB820086C5FD /* LightControls.swift */,
			);
			name = Grove;
			sourceTree = "<group>";
		};
/* End PBXGroup section */

/* Begin PBXNativeTarget section */
		173DD2DA1E521AF300888F33 /* GroveGardenController */ = {
			isa = PBXNativeTarget;
			buildConfigurationList = 173DD2ED1E521AF300888F33 /* Build configuration list for PBXNativeTarget "GroveGardenController" */;
			buildPhases = (
				173DD2D71E521AF300888F33 /* Sources */,
				173DD2D81E521AF300888F33 /* Frameworks */,
				173DD2D91E521AF300888F33 /* Resources */,
			);
			buildRules = (
			);
			dependencies = (
			);
			name = GroveGardenController;
			productName = GroveGardenController;
			productReference = 173DD2DB1E521AF300888F33 /* GroveGardenController.app */;
			productType = "com.apple.product-type.application";
		};
/* End PBXNativeTarget section */

/* Begin PBXProject section */
		173DD2D31E521AF300888F33 /* Project object */ = {
			isa = PBXProject;
			attributes = {
				LastSwiftUpdateCheck = 0820;
				LastUpgradeCheck = 0820;
				ORGANIZATIONNAME = Grove;
				TargetAttributes = {
					173DD2DA1E521AF300888F33 = {
						CreatedOnToolsVersion = 8.2.1;
						DevelopmentTeam = 8JQ4CHYB58;
						ProvisioningStyle = Automatic;
					};
				};
			};
			buildConfigurationList = 173DD2D61E521AF300888F33 /* Build configuration list for PBXProject "GroveGardenController" */;
			compatibilityVersion = "Xcode 3.2";
			developmentRegion = English;
			hasScannedForEncodings = 0;
			knownRegions = (
				en,
				Base,
			);
			mainGroup = 173DD2D21E521AF300888F33;
			productRefGroup = 173DD2DC1E521AF300888F33 /* Products */;
			projectDirPath = "";
			projectRoot = "";
			targets = (
				173DD2DA1E521AF300888F33 /* GroveGardenController */,
			);
		};
/* End PBXProject section */

/* Begin PBXResourcesBuildPhase section */
		173DD2D91E521AF300888F33 /* Resources */ = {
			isa = PBXResourcesBuildPhase;
			buildActionMask = 2147483647;
			files = (
				17214C591E54E050003FBFF4 /* Main.storyboard in Resources */,
				173DD2E91E521AF300888F33 /* LaunchScreen.storyboard in Resources */,
				173DD2E61E521AF300888F33 /* Assets.xcassets in Resources */,
				173DD2E41E521AF300888F33 /* Login.storyboard in Resources */,
			);
			runOnlyForDeploymentPostprocessing = 0;
		};
/* End PBXResourcesBuildPhase section */

/* Begin PBXSourcesBuildPhase section */
		173DD2D71E521AF300888F33 /* Sources */ = {
			isa = PBXSourcesBuildPhase;
			buildActionMask = 2147483647;
			files = (
				17103CB61E5390EE003D56B4 /* UIRefreshControl+AFNetworking.m in Sources */,
				17103C991E5390E7003D56B4 /* AFURLSessionManager.m in Sources */,
				173DD2E11E521AF300888F33 /* LoginViewController.swift in Sources */,
				179BF6CB1E5E1EDE008F702E /* Pump.swift in Sources */,
				17CE0D111E65D64B00F40131 /* PumpInterruptionsTableViewController.swift in Sources */,
				17CE0D151E6602E200F40131 /* HeaterTargetTempTableViewController.swift in Sources */,
				179BF6D01E5E2C1F008F702E /* Fan.swift in Sources */,
				1715EE821E60C790005C2FCA /* FanControls.swift in Sources */,
				17103CB51E5390EE003D56B4 /* UIProgressView+AFNetworking.m in Sources */,
				173DD3061E5247AF00888F33 /* Secrets.swift in Sources */,
				17103CB01E5390EE003D56B4 /* AFImageDownloader.m in Sources */,
				178F64F21E5359FB00161ECC /* SparkEvent.m in Sources */,
				17CE0D131E65DE0500F40131 /* WaterTableViewController.swift in Sources */,
				179BF6C21E5CF492008F702E /* Errors.swift in Sources */,
				17214C5D1E54F580003FBFF4 /* Keychain.swift in Sources */,
				173DD2DF1E521AF300888F33 /* AppDelegate.swift in Sources */,
				17103CB31E5390EE003D56B4 /* UIButton+AFNetworking.m in Sources */,
				17103C961E5390E7003D56B4 /* AFSecurityPolicy.m in Sources */,
				1739EDF91E64D2480086C5FD /* FanIntensityTableViewController.swift in Sources */,
				172782781E5F9A42001CC9FD /* UITableView.swift in Sources */,
				178F64EF1E5359FB00161ECC /* KeychainItemWrapper.m in Sources */,
				17103CB21E5390EE003D56B4 /* UIActivityIndicatorView+AFNetworking.m in Sources */,
				17CE0D0B1E65D14D00F40131 /* PumpControls.swift in Sources */,
				179BF6C71E5DEAD1008F702E /* UIViewController.swift in Sources */,
				17103CB11E5390EE003D56B4 /* AFNetworkActivityIndicatorManager.m in Sources */,
				1715EE7E1E60944F005C2FCA /* AirTableViewController.swift in Sources */,
				17103CAF1E5390EE003D56B4 /* AFAutoPurgingImageCache.m in Sources */,
				17103C971E5390E7003D56B4 /* AFURLRequestSerialization.m in Sources */,
				179BF6C91E5E187A008F702E /* Light.swift in Sources */,
				179BF6C41E5CFBE9008F702E /* Sensors.swift in Sources */,
				178F64EE1E5359FB00161ECC /* EventSource.m in Sources */,
				178F64F31E5359FB00161ECC /* SparkSession.m in Sources */,
				17103C941E5390E7003D56B4 /* AFHTTPSessionManager.m in Sources */,
				178F64F01E5359FB00161ECC /* SparkCloud.m in Sources */,
				1708D0161E54AAB200998C9A /* UIColor.swift in Sources */,
				17214C5B1E54E184003FBFF4 /* UIStoryboard.swift in Sources */,
				17CE0D0D1E65D23F00F40131 /* PumpScheduleTableViewController.swift in Sources */,
				17103C951E5390E7003D56B4 /* AFNetworkReachabilityManager.m in Sources */,
				17103CB71E5390EE003D56B4 /* UIWebView+AFNetworking.m in Sources */,
				1739EDF71E64AB820086C5FD /* LightControls.swift in Sources */,
				17103C981E5390E7003D56B4 /* AFURLResponseSerialization.m in Sources */,
				1708D0181E54D13B00998C9A /* GroveManager.swift in Sources */,
				1739EDF51E64A6730086C5FD /* LightInterruptionsTableViewController.swift in Sources */,
				17103CB41E5390EE003D56B4 /* UIImageView+AFNetworking.m in Sources */,
				172782761E5F717B001CC9FD /* GardenTableViewController.swift in Sources */,
				17214C611E550545003FBFF4 /* Grove.swift in Sources */,
				179BF6BE1E5CA8E0008F702E /* Notifications.swift in Sources */,
				17CE0D091E65CDAE00F40131 /* Int.swift in Sources */,
				178F64F11E5359FB00161ECC /* SparkDevice.m in Sources */,
				179BF6C01E5CF461008F702E /* String.swift in Sources */,
			);
			runOnlyForDeploymentPostprocessing = 0;
		};
/* End PBXSourcesBuildPhase section */

/* Begin PBXVariantGroup section */
		173DD2E21E521AF300888F33 /* Login.storyboard */ = {
			isa = PBXVariantGroup;
			children = (
				173DD2E31E521AF300888F33 /* Base */,
			);
			name = Login.storyboard;
			sourceTree = "<group>";
		};
		173DD2E71E521AF300888F33 /* LaunchScreen.storyboard */ = {
			isa = PBXVariantGroup;
			children = (
				173DD2E81E521AF300888F33 /* Base */,
			);
			name = LaunchScreen.storyboard;
			sourceTree = "<group>";
		};
/* End PBXVariantGroup section */

/* Begin XCBuildConfiguration section */
		173DD2EB1E521AF300888F33 /* Debug */ = {
			isa = XCBuildConfiguration;
			buildSettings = {
				ALWAYS_SEARCH_USER_PATHS = NO;
				CLANG_ANALYZER_NONNULL = YES;
				CLANG_CXX_LANGUAGE_STANDARD = "gnu++0x";
				CLANG_CXX_LIBRARY = "libc++";
				CLANG_ENABLE_MODULES = YES;
				CLANG_ENABLE_OBJC_ARC = YES;
				CLANG_WARN_BOOL_CONVERSION = YES;
				CLANG_WARN_CONSTANT_CONVERSION = YES;
				CLANG_WARN_DIRECT_OBJC_ISA_USAGE = YES_ERROR;
				CLANG_WARN_DOCUMENTATION_COMMENTS = YES;
				CLANG_WARN_EMPTY_BODY = YES;
				CLANG_WARN_ENUM_CONVERSION = YES;
				CLANG_WARN_INFINITE_RECURSION = YES;
				CLANG_WARN_INT_CONVERSION = YES;
				CLANG_WARN_OBJC_ROOT_CLASS = YES_ERROR;
				CLANG_WARN_SUSPICIOUS_MOVE = YES;
				CLANG_WARN_UNREACHABLE_CODE = YES;
				CLANG_WARN__DUPLICATE_METHOD_MATCH = YES;
				"CODE_SIGN_IDENTITY[sdk=iphoneos*]" = "iPhone Developer";
				COPY_PHASE_STRIP = NO;
				DEBUG_INFORMATION_FORMAT = dwarf;
				ENABLE_STRICT_OBJC_MSGSEND = YES;
				ENABLE_TESTABILITY = YES;
				GCC_C_LANGUAGE_STANDARD = gnu99;
				GCC_DYNAMIC_NO_PIC = NO;
				GCC_NO_COMMON_BLOCKS = YES;
				GCC_OPTIMIZATION_LEVEL = 0;
				GCC_PREPROCESSOR_DEFINITIONS = (
					"DEBUG=1",
					"$(inherited)",
				);
				GCC_WARN_64_TO_32_BIT_CONVERSION = YES;
				GCC_WARN_ABOUT_RETURN_TYPE = YES_ERROR;
				GCC_WARN_UNDECLARED_SELECTOR = YES;
				GCC_WARN_UNINITIALIZED_AUTOS = YES_AGGRESSIVE;
				GCC_WARN_UNUSED_FUNCTION = YES;
				GCC_WARN_UNUSED_VARIABLE = YES;
				IPHONEOS_DEPLOYMENT_TARGET = 9.1;
				MTL_ENABLE_DEBUG_INFO = YES;
				ONLY_ACTIVE_ARCH = YES;
				SDKROOT = iphoneos;
				SWIFT_ACTIVE_COMPILATION_CONDITIONS = DEBUG;
				SWIFT_OPTIMIZATION_LEVEL = "-Onone";
			};
			name = Debug;
		};
		173DD2EC1E521AF300888F33 /* Release */ = {
			isa = XCBuildConfiguration;
			buildSettings = {
				ALWAYS_SEARCH_USER_PATHS = NO;
				CLANG_ANALYZER_NONNULL = YES;
				CLANG_CXX_LANGUAGE_STANDARD = "gnu++0x";
				CLANG_CXX_LIBRARY = "libc++";
				CLANG_ENABLE_MODULES = YES;
				CLANG_ENABLE_OBJC_ARC = YES;
				CLANG_WARN_BOOL_CONVERSION = YES;
				CLANG_WARN_CONSTANT_CONVERSION = YES;
				CLANG_WARN_DIRECT_OBJC_ISA_USAGE = YES_ERROR;
				CLANG_WARN_DOCUMENTATION_COMMENTS = YES;
				CLANG_WARN_EMPTY_BODY = YES;
				CLANG_WARN_ENUM_CONVERSION = YES;
				CLANG_WARN_INFINITE_RECURSION = YES;
				CLANG_WARN_INT_CONVERSION = YES;
				CLANG_WARN_OBJC_ROOT_CLASS = YES_ERROR;
				CLANG_WARN_SUSPICIOUS_MOVE = YES;
				CLANG_WARN_UNREACHABLE_CODE = YES;
				CLANG_WARN__DUPLICATE_METHOD_MATCH = YES;
				"CODE_SIGN_IDENTITY[sdk=iphoneos*]" = "iPhone Developer";
				COPY_PHASE_STRIP = NO;
				DEBUG_INFORMATION_FORMAT = "dwarf-with-dsym";
				ENABLE_NS_ASSERTIONS = NO;
				ENABLE_STRICT_OBJC_MSGSEND = YES;
				GCC_C_LANGUAGE_STANDARD = gnu99;
				GCC_NO_COMMON_BLOCKS = YES;
				GCC_WARN_64_TO_32_BIT_CONVERSION = YES;
				GCC_WARN_ABOUT_RETURN_TYPE = YES_ERROR;
				GCC_WARN_UNDECLARED_SELECTOR = YES;
				GCC_WARN_UNINITIALIZED_AUTOS = YES_AGGRESSIVE;
				GCC_WARN_UNUSED_FUNCTION = YES;
				GCC_WARN_UNUSED_VARIABLE = YES;
				IPHONEOS_DEPLOYMENT_TARGET = 9.1;
				MTL_ENABLE_DEBUG_INFO = NO;
				SDKROOT = iphoneos;
				SWIFT_OPTIMIZATION_LEVEL = "-Owholemodule";
				VALIDATE_PRODUCT = YES;
			};
			name = Release;
		};
		173DD2EE1E521AF300888F33 /* Debug */ = {
			isa = XCBuildConfiguration;
			buildSettings = {
				ASSETCATALOG_COMPILER_APPICON_NAME = AppIcon;
				DEVELOPMENT_TEAM = 8JQ4CHYB58;
				FRAMEWORK_SEARCH_PATHS = (
					"$(inherited)",
					"$(PROJECT_DIR)/Frameworks/spark-sdk-ios/Example/ParticleSDK",
				);
				INFOPLIST_FILE = GroveGardenController/Info.plist;
				IPHONEOS_DEPLOYMENT_TARGET = 9.1;
				LD_RUNPATH_SEARCH_PATHS = "$(inherited) @executable_path/Frameworks";
				PRODUCT_BUNDLE_IDENTIFIER = com.grovegrown.GroveGardenController;
				PRODUCT_NAME = "$(TARGET_NAME)";
				SWIFT_OBJC_BRIDGING_HEADER = "GroveGardenController/GroveGardenController-Bridging-Header.h";
				SWIFT_VERSION = 3.0;
			};
			name = Debug;
		};
		173DD2EF1E521AF300888F33 /* Release */ = {
			isa = XCBuildConfiguration;
			buildSettings = {
				ASSETCATALOG_COMPILER_APPICON_NAME = AppIcon;
				DEVELOPMENT_TEAM = 8JQ4CHYB58;
				FRAMEWORK_SEARCH_PATHS = (
					"$(inherited)",
					"$(PROJECT_DIR)/Frameworks/spark-sdk-ios/Example/ParticleSDK",
				);
				INFOPLIST_FILE = GroveGardenController/Info.plist;
				IPHONEOS_DEPLOYMENT_TARGET = 9.1;
				LD_RUNPATH_SEARCH_PATHS = "$(inherited) @executable_path/Frameworks";
				PRODUCT_BUNDLE_IDENTIFIER = com.grovegrown.GroveGardenController;
				PRODUCT_NAME = "$(TARGET_NAME)";
				SWIFT_OBJC_BRIDGING_HEADER = "GroveGardenController/GroveGardenController-Bridging-Header.h";
				SWIFT_VERSION = 3.0;
			};
			name = Release;
		};
/* End XCBuildConfiguration section */

/* Begin XCConfigurationList section */
		173DD2D61E521AF300888F33 /* Build configuration list for PBXProject "GroveGardenController" */ = {
			isa = XCConfigurationList;
			buildConfigurations = (
				173DD2EB1E521AF300888F33 /* Debug */,
				173DD2EC1E521AF300888F33 /* Release */,
			);
			defaultConfigurationIsVisible = 0;
			defaultConfigurationName = Release;
		};
		173DD2ED1E521AF300888F33 /* Build configuration list for PBXNativeTarget "GroveGardenController" */ = {
			isa = XCConfigurationList;
			buildConfigurations = (
				173DD2EE1E521AF300888F33 /* Debug */,
				173DD2EF1E521AF300888F33 /* Release */,
			);
			defaultConfigurationIsVisible = 0;
			defaultConfigurationName = Release;
		};
/* End XCConfigurationList section */
	};
	rootObject = 173DD2D31E521AF300888F33 /* Project object */;
}
